<?xml version="1.0" encoding="utf-8"?>
<Project ToolsVersion="4.0" xmlns="http://schemas.microsoft.com/developer/msbuild/2003">
  <ItemGroup>
    <Filter Include="Source Files">
      <UniqueIdentifier>{4FC737F1-C7A5-4376-A066-2A32D752A2FF}</UniqueIdentifier>
      <Extensions>cpp;c;cc;cxx;def;odl;idl;hpj;bat;asm;asmx</Extensions>
    </Filter>
    <Filter Include="Header Files">
      <UniqueIdentifier>{93995380-89BD-4b04-88EB-625FBE52EBFB}</UniqueIdentifier>
      <Extensions>h;hpp;hxx;hm;inl;inc;xsd</Extensions>
    </Filter>
    <Filter Include="Resource Files">
      <UniqueIdentifier>{67DA6AB6-F800-4c08-8B7A-83BB121AAD01}</UniqueIdentifier>
      <Extensions>rc;ico;cur;bmp;dlg;rc2;rct;bin;rgs;gif;jpg;jpeg;jpe;resx;tiff;tif;png;wav</Extensions>
    </Filter>
  </ItemGroup>
  <ItemGroup>
    <ClCompile Include="$(GINGACCMB_DIR)\src\InputManager.cpp">
      <Filter>Source Files</Filter>
    </ClCompile>
    <ClCompile Include="$(GINGACCMB_DIR)\src\interface\CodeMap.cpp">
      <Filter>Source Files</Filter>
    </ClCompile>
    <ClCompile Include="$(GINGACCMB_DIR)\src\interface\InputEventFactory.cpp">
      <Filter>Source Files</Filter>
    </ClCompile>
    <ClCompile Include="$(GINGACCMB_DIR)\src\interface\Matrix.cpp">
      <Filter>Source Files</Filter>
    </ClCompile>
    <ClCompile Include="$(GINGACCMB_DIR)\src\interface\sdl\content\audio\SDL2ffmpeg.cpp">
      <Filter>Source Files</Filter>
    </ClCompile>
    <ClCompile Include="$(GINGACCMB_DIR)\src\interface\sdl\content\audio\SDLAudioProvider.cpp">
      <Filter>Source Files</Filter>
    </ClCompile>
    <ClCompile Include="$(GINGACCMB_DIR)\src\interface\sdl\content\image\SDLImageProvider.cpp">
      <Filter>Source Files</Filter>
    </ClCompile>
    <ClCompile Include="$(GINGACCMB_DIR)\src\interface\sdl\content\text\SDLFontProvider.cpp">
      <Filter>Source Files</Filter>
    </ClCompile>
    <ClCompile Include="$(GINGACCMB_DIR)\src\interface\sdl\content\video\SDLVideoProvider.cpp">
      <Filter>Source Files</Filter>
    </ClCompile>
    <ClCompile Include="$(GINGACCMB_DIR)\src\interface\sdl\input\SDLEventBuffer.cpp">
      <Filter>Source Files</Filter>
    </ClCompile>
    <ClCompile Include="$(GINGACCMB_DIR)\src\interface\sdl\input\SDLInputEvent.cpp">
      <Filter>Source Files</Filter>
    </ClCompile>
    <ClCompile Include="$(GINGACCMB_DIR)\src\interface\sdl\output\SDLSurface.cpp">
      <Filter>Source Files</Filter>
    </ClCompile>
    <ClCompile Include="$(GINGACCMB_DIR)\src\interface\sdl\output\SDLWindow.cpp">
      <Filter>Source Files</Filter>
    </ClCompile>
    <ClCompile Include="$(GINGACCMB_DIR)\src\interface\sdl\SDLDeviceScreen.cpp">
      <Filter>Source Files</Filter>
    </ClCompile>
    <ClCompile Include="$(GINGACCMB_DIR)\src\LocalScreenManager.cpp">
      <Filter>Source Files</Filter>
    </ClCompile>
    <ClCompile Include="$(TELEMIDIAUTIL_DIR)\src\Base64.cpp">
      <Filter>Source Files</Filter>
    </ClCompile>
    <ClCompile Include="$(TELEMIDIAUTIL_DIR)\src\Color.cpp">
      <Filter>Source Files</Filter>
    </ClCompile>
    <ClCompile Include="$(TELEMIDIAUTIL_DIR)\src\functions.cpp">
      <Filter>Source Files</Filter>
    </ClCompile>
    <ClCompile Include="$(GINGACCSYSTEM_DIR)\src\compat\PracticalSocket.cpp">
      <Filter>Source Files</Filter>
    </ClCompile>
    <ClCompile Include="$(GINGACCSYSTEM_DIR)\src\compat\SystemCompat.cpp">
      <Filter>Source Files</Filter>
    </ClCompile>
    <ClCompile Include="$(GINGACCSYSTEM_DIR)\src\fs\GingaLocatorFactory.cpp">
      <Filter>Source Files</Filter>
    </ClCompile>
    <ClCompile Include="$(GINGACCSYSTEM_DIR)\src\thread\Thread.cpp">
      <Filter>Source Files</Filter>
    </ClCompile>
    <ClCompile Include="$(GINGACCSYSTEM_DIR)\src\time\Stc.cpp">
      <Filter>Source Files</Filter>
    </ClCompile>
    <ClCompile Include="$(GINGACCMB_DIR)\src\main.cpp">
      <Filter>Source Files</Filter>
    </ClCompile>
    <ClCompile Include="$(GINGACCMB_DIR)\src\remote\StubServer.cpp">
      <Filter>Source Files</Filter>
    </ClCompile>
    <ClCompile Include="..\..\gingacc-mb\src\remote\RequestManager.cpp">
      <Filter>Source Files</Filter>
    </ClCompile>
    <ClCompile Include="..\..\gingacc-mb\src\interface\sdl\content\SDLConvert.cpp">
      <Filter>Source Files</Filter>
    </ClCompile>
    <ClCompile Include="..\..\gingacc-mb\src\DistributedInputManagerMB.cpp">
      <Filter>Source Files</Filter>
    </ClCompile>
  </ItemGroup>
  <ItemGroup>
    <ClInclude Include="$(GINGACCMB_DIR)\include\mb\IInputManager.h">
      <Filter>Header Files</Filter>
    </ClInclude>
    <ClInclude Include="$(GINGACCMB_DIR)\include\mb\ILocalScreenManager.h">
      <Filter>Header Files</Filter>
    </ClInclude>
    <ClInclude Include="$(GINGACCMB_DIR)\include\mb\IMBDefs.h">
      <Filter>Header Files</Filter>
    </ClInclude>
    <ClInclude Include="$(GINGACCMB_DIR)\include\mb\InputManager.h">
      <Filter>Header Files</Filter>
    </ClInclude>
    <ClInclude Include="$(GINGACCMB_DIR)\include\mb\interface\CodeMap.h">
      <Filter>Header Files</Filter>
    </ClInclude>
    <ClInclude Include="$(GINGACCMB_DIR)\include\mb\interface\ICmdEventListener.h">
      <Filter>Header Files</Filter>
    </ClInclude>
    <ClInclude Include="$(GINGACCMB_DIR)\include\mb\interface\IContinuousMediaProvider.h">
      <Filter>Header Files</Filter>
    </ClInclude>
    <ClInclude Include="$(GINGACCMB_DIR)\include\mb\interface\IDataBuffer.h">
      <Filter>Header Files</Filter>
    </ClInclude>
    <ClInclude Include="$(GINGACCMB_DIR)\include\mb\interface\IDeviceScreen.h">
      <Filter>Header Files</Filter>
    </ClInclude>
    <ClInclude Include="$(GINGACCMB_DIR)\include\mb\interface\IDiscreteMediaProvider.h">
      <Filter>Header Files</Filter>
    </ClInclude>
    <ClInclude Include="$(GINGACCMB_DIR)\include\mb\interface\IEventBuffer.h">
      <Filter>Header Files</Filter>
    </ClInclude>
    <ClInclude Include="$(GINGACCMB_DIR)\include\mb\interface\IFontProvider.h">
      <Filter>Header Files</Filter>
    </ClInclude>
    <ClInclude Include="$(GINGACCMB_DIR)\include\mb\interface\IImageProvider.h">
      <Filter>Header Files</Filter>
    </ClInclude>
    <ClInclude Include="$(GINGACCMB_DIR)\include\mb\interface\IInputEvent.h">
      <Filter>Header Files</Filter>
    </ClInclude>
    <ClInclude Include="$(GINGACCMB_DIR)\include\mb\interface\IInputEventListener.h">
      <Filter>Header Files</Filter>
    </ClInclude>
    <ClInclude Include="$(GINGACCMB_DIR)\include\mb\interface\IMediaProvider.h">
      <Filter>Header Files</Filter>
    </ClInclude>
    <ClInclude Include="$(GINGACCMB_DIR)\include\mb\interface\IMotionEventListener.h">
      <Filter>Header Files</Filter>
    </ClInclude>
    <ClInclude Include="$(GINGACCMB_DIR)\include\mb\interface\InputEventFactory.h">
      <Filter>Header Files</Filter>
    </ClInclude>
    <ClInclude Include="$(GINGACCMB_DIR)\include\mb\interface\IProviderListener.h">
      <Filter>Header Files</Filter>
    </ClInclude>
    <ClInclude Include="$(GINGACCMB_DIR)\include\mb\interface\ISurface.h">
      <Filter>Header Files</Filter>
    </ClInclude>
    <ClInclude Include="$(GINGACCMB_DIR)\include\mb\interface\IWindow.h">
      <Filter>Header Files</Filter>
    </ClInclude>
    <ClInclude Include="$(GINGACCMB_DIR)\include\mb\interface\Matrix.h">
      <Filter>Header Files</Filter>
    </ClInclude>
    <ClInclude Include="$(GINGACCMB_DIR)\include\mb\interface\sdl\content\audio\SDL2ffmpeg.h">
      <Filter>Header Files</Filter>
    </ClInclude>
    <ClInclude Include="$(GINGACCMB_DIR)\include\mb\interface\sdl\content\audio\SDLAudioProvider.h">
      <Filter>Header Files</Filter>
    </ClInclude>
    <ClInclude Include="$(GINGACCMB_DIR)\include\mb\interface\sdl\content\image\SDLImageProvider.h">
      <Filter>Header Files</Filter>
    </ClInclude>
    <ClInclude Include="$(GINGACCMB_DIR)\include\mb\interface\sdl\content\text\SDLFontProvider.h">
      <Filter>Header Files</Filter>
    </ClInclude>
    <ClInclude Include="$(GINGACCMB_DIR)\include\mb\interface\sdl\content\video\SDLVideoProvider.h">
      <Filter>Header Files</Filter>
    </ClInclude>
    <ClInclude Include="$(GINGACCMB_DIR)\include\mb\interface\sdl\input\SDLEventBuffer.h">
      <Filter>Header Files</Filter>
    </ClInclude>
    <ClInclude Include="$(GINGACCMB_DIR)\include\mb\interface\sdl\input\SDLInputEvent.h">
      <Filter>Header Files</Filter>
    </ClInclude>
    <ClInclude Include="$(GINGACCMB_DIR)\include\mb\interface\sdl\output\SDLSurface.h">
      <Filter>Header Files</Filter>
    </ClInclude>
    <ClInclude Include="$(GINGACCMB_DIR)\include\mb\interface\sdl\output\SDLWindow.h">
      <Filter>Header Files</Filter>
    </ClInclude>
    <ClInclude Include="$(GINGACCMB_DIR)\include\mb\interface\sdl\SDLDeviceScreen.h">
      <Filter>Header Files</Filter>
    </ClInclude>
    <ClInclude Include="$(GINGACCMB_DIR)\include\mb\LocalScreenManager.h">
      <Filter>Header Files</Filter>
    </ClInclude>
    <ClInclude Include="$(GINGACCMB_DIR)\include\GingaccMBConf.h">
      <Filter>Header Files</Filter>
    </ClInclude>
    <ClInclude Include="$(TELEMIDIAUTIL_DIR)\include\util\Base64.h">
      <Filter>Header Files</Filter>
    </ClInclude>
    <ClInclude Include="$(TELEMIDIAUTIL_DIR)\include\util\Color.h">
      <Filter>Header Files</Filter>
    </ClInclude>
    <ClInclude Include="$(TELEMIDIAUTIL_DIR)\include\util\functions.h">
      <Filter>Header Files</Filter>
    </ClInclude>
    <ClInclude Include="$(TELEMIDIAUTIL_DIR)\include\util\IColor.h">
      <Filter>Header Files</Filter>
    </ClInclude>
    <ClInclude Include="$(TELEMIDIAUTIL_DIR)\include\util\Observable.h">
      <Filter>Header Files</Filter>
    </ClInclude>
    <ClInclude Include="$(TELEMIDIAUTIL_DIR)\include\util\Observer.h">
      <Filter>Header Files</Filter>
    </ClInclude>
    <ClInclude Include="$(TELEMIDIAUTIL_DIR)\include\TelemidiaUtilConf.h">
      <Filter>Header Files</Filter>
    </ClInclude>
    <ClInclude Include="$(GINGACCSYSTEM_DIR)\include\system\compat\PracticalSocket.h">
      <Filter>Header Files</Filter>
    </ClInclude>
    <ClInclude Include="$(GINGACCSYSTEM_DIR)\include\system\compat\SystemCompat.h">
      <Filter>Header Files</Filter>
    </ClInclude>
    <ClInclude Include="$(GINGACCSYSTEM_DIR)\include\system\fs\GingaLocatorFactory.h">
      <Filter>Header Files</Filter>
    </ClInclude>
    <ClInclude Include="$(GINGACCSYSTEM_DIR)\include\system\thread\Thread.h">
      <Filter>Header Files</Filter>
    </ClInclude>
    <ClInclude Include="$(GINGACCSYSTEM_DIR)\include\system\time\Stc.h">
      <Filter>Header Files</Filter>
    </ClInclude>
    <ClInclude Include="config.h">
      <Filter>Header Files</Filter>
    </ClInclude>
    <ClInclude Include="$(GINGACCMB_DIR)\include\mb\DSMDefs.h">
      <Filter>Header Files</Filter>
    </ClInclude>
    <ClInclude Include="$(GINGACCSYSTEM_DIR)\include\GingaccSystemConf.h">
      <Filter>Header Files</Filter>
    </ClInclude>
    <ClInclude Include="$(GINGACCMB_DIR)\include\mb\remote\StubServer.h">
      <Filter>Header Files</Filter>
    </ClInclude>
    <ClInclude Include="..\..\gingacc-mb\include\mb\remote\RequestManager.h">
      <Filter>Header Files</Filter>
    </ClInclude>
    <ClInclude Include="..\..\gingacc-mb\include\mb\remote\MessageHandler.h">
      <Filter>Header Files</Filter>
    </ClInclude>
    <ClInclude Include="..\..\gingacc-mb\include\mb\DistributedInputManagerMB.h">
      <Filter>Header Files</Filter>
    </ClInclude>
  </ItemGroup>
</Project>