<?xml version="1.0" encoding="utf-8"?>
<Project ToolsVersion="4.0" xmlns="http://schemas.microsoft.com/developer/msbuild/2003">
  <ItemGroup>
    <Filter Include="Source Files">
      <UniqueIdentifier>{4FC737F1-C7A5-4376-A066-2A32D752A2FF}</UniqueIdentifier>
      <Extensions>cpp;c;cc;cxx;def;odl;idl;hpj;bat;asm;asmx</Extensions>
    </Filter>
    <Filter Include="Header Files">
      <UniqueIdentifier>{93995380-89BD-4b04-88EB-625FBE52EBFB}</UniqueIdentifier>
      <Extensions>h;hpp;hxx;hm;inl;inc;xsd</Extensions>
    </Filter>
    <Filter Include="Resource Files">
      <UniqueIdentifier>{67DA6AB6-F800-4c08-8B7A-83BB121AAD01}</UniqueIdentifier>
      <Extensions>rc;ico;cur;bmp;dlg;rc2;rct;bin;rgs;gif;jpg;jpeg;jpe;resx;tiff;tif;png;wav</Extensions>
    </Filter>
  </ItemGroup>
  <ItemGroup>
    <ClCompile Include="$(NCL30_DIR)\src\animation\Animation.cpp">
      <Filter>Source Files</Filter>
    </ClCompile>
    <ClCompile Include="$(NCL30_DIR)\src\Base.cpp">
      <Filter>Source Files</Filter>
    </ClCompile>
    <ClCompile Include="$(NCL30_DIR)\src\components\AbsoluteReferenceContent.cpp">
      <Filter>Source Files</Filter>
    </ClCompile>
    <ClCompile Include="$(NCL30_DIR)\src\components\CompositeNode.cpp">
      <Filter>Source Files</Filter>
    </ClCompile>
    <ClCompile Include="$(NCL30_DIR)\src\components\Content.cpp">
      <Filter>Source Files</Filter>
    </ClCompile>
    <ClCompile Include="$(NCL30_DIR)\src\components\ContentNode.cpp">
      <Filter>Source Files</Filter>
    </ClCompile>
    <ClCompile Include="$(NCL30_DIR)\src\components\ContentTypeManager.cpp">
      <Filter>Source Files</Filter>
    </ClCompile>
    <ClCompile Include="$(NCL30_DIR)\src\components\ContextNode.cpp">
      <Filter>Source Files</Filter>
    </ClCompile>
    <ClCompile Include="$(NCL30_DIR)\src\components\Node.cpp">
      <Filter>Source Files</Filter>
    </ClCompile>
    <ClCompile Include="$(NCL30_DIR)\src\components\NodeEntity.cpp">
      <Filter>Source Files</Filter>
    </ClCompile>
    <ClCompile Include="$(NCL30_DIR)\src\components\PrivateBase.cpp">
      <Filter>Source Files</Filter>
    </ClCompile>
    <ClCompile Include="$(NCL30_DIR)\src\components\ReferenceContent.cpp">
      <Filter>Source Files</Filter>
    </ClCompile>
    <ClCompile Include="$(NCL30_DIR)\src\components\RelativeReferenceContent.cpp">
      <Filter>Source Files</Filter>
    </ClCompile>
    <ClCompile Include="$(NCL30_DIR)\src\connectors\Action.cpp">
      <Filter>Source Files</Filter>
    </ClCompile>
    <ClCompile Include="$(NCL30_DIR)\src\connectors\AssessmentStatement.cpp">
      <Filter>Source Files</Filter>
    </ClCompile>
    <ClCompile Include="$(NCL30_DIR)\src\connectors\AttributeAssessment.cpp">
      <Filter>Source Files</Filter>
    </ClCompile>
    <ClCompile Include="$(NCL30_DIR)\src\connectors\CausalConnector.cpp">
      <Filter>Source Files</Filter>
    </ClCompile>
    <ClCompile Include="$(NCL30_DIR)\src\connectors\CompoundAction.cpp">
      <Filter>Source Files</Filter>
    </ClCompile>
    <ClCompile Include="$(NCL30_DIR)\src\connectors\CompoundCondition.cpp">
      <Filter>Source Files</Filter>
    </ClCompile>
    <ClCompile Include="$(NCL30_DIR)\src\connectors\CompoundStatement.cpp">
      <Filter>Source Files</Filter>
    </ClCompile>
    <ClCompile Include="$(NCL30_DIR)\src\connectors\Connector.cpp">
      <Filter>Source Files</Filter>
    </ClCompile>
    <ClCompile Include="$(NCL30_DIR)\src\connectors\ConnectorBase.cpp">
      <Filter>Source Files</Filter>
    </ClCompile>
    <ClCompile Include="$(NCL30_DIR)\src\connectors\EventTransitionAssessment.cpp">
      <Filter>Source Files</Filter>
    </ClCompile>
    <ClCompile Include="$(NCL30_DIR)\src\connectors\EventUtil.cpp">
      <Filter>Source Files</Filter>
    </ClCompile>
    <ClCompile Include="$(NCL30_DIR)\src\connectors\Role.cpp">
      <Filter>Source Files</Filter>
    </ClCompile>
    <ClCompile Include="$(NCL30_DIR)\src\connectors\SimpleAction.cpp">
      <Filter>Source Files</Filter>
    </ClCompile>
    <ClCompile Include="$(NCL30_DIR)\src\connectors\SimpleCondition.cpp">
      <Filter>Source Files</Filter>
    </ClCompile>
    <ClCompile Include="$(NCL30_DIR)\src\connectors\TriggerExpression.cpp">
      <Filter>Source Files</Filter>
    </ClCompile>
    <ClCompile Include="$(NCL30_DIR)\src\connectors\ValueAssessment.cpp">
      <Filter>Source Files</Filter>
    </ClCompile>
    <ClCompile Include="$(NCL30_DIR)\src\descriptor\Descriptor.cpp">
      <Filter>Source Files</Filter>
    </ClCompile>
    <ClCompile Include="$(NCL30_DIR)\src\descriptor\DescriptorBase.cpp">
      <Filter>Source Files</Filter>
    </ClCompile>
    <ClCompile Include="$(NCL30_DIR)\src\Entity.cpp">
      <Filter>Source Files</Filter>
    </ClCompile>
    <ClCompile Include="$(NCL30_DIR)\src\interfaces\Anchor.cpp">
      <Filter>Source Files</Filter>
    </ClCompile>
    <ClCompile Include="$(NCL30_DIR)\src\interfaces\CircleSpatialAnchor.cpp">
      <Filter>Source Files</Filter>
    </ClCompile>
    <ClCompile Include="$(NCL30_DIR)\src\interfaces\ContentAnchor.cpp">
      <Filter>Source Files</Filter>
    </ClCompile>
    <ClCompile Include="$(NCL30_DIR)\src\interfaces\IntervalAnchor.cpp">
      <Filter>Source Files</Filter>
    </ClCompile>
    <ClCompile Include="$(NCL30_DIR)\src\interfaces\LabeledAnchor.cpp">
      <Filter>Source Files</Filter>
    </ClCompile>
    <ClCompile Include="$(NCL30_DIR)\src\interfaces\LambdaAnchor.cpp">
      <Filter>Source Files</Filter>
    </ClCompile>
    <ClCompile Include="$(NCL30_DIR)\src\interfaces\Port.cpp">
      <Filter>Source Files</Filter>
    </ClCompile>
    <ClCompile Include="$(NCL30_DIR)\src\interfaces\PropertyAnchor.cpp">
      <Filter>Source Files</Filter>
    </ClCompile>
    <ClCompile Include="$(NCL30_DIR)\src\interfaces\RectangleSpatialAnchor.cpp">
      <Filter>Source Files</Filter>
    </ClCompile>
    <ClCompile Include="$(NCL30_DIR)\src\interfaces\RelativeTimeIntervalAnchor.cpp">
      <Filter>Source Files</Filter>
    </ClCompile>
    <ClCompile Include="$(NCL30_DIR)\src\interfaces\SampleIntervalAnchor.cpp">
      <Filter>Source Files</Filter>
    </ClCompile>
    <ClCompile Include="$(NCL30_DIR)\src\interfaces\SwitchPort.cpp">
      <Filter>Source Files</Filter>
    </ClCompile>
    <ClCompile Include="$(NCL30_DIR)\src\interfaces\TextAnchor.cpp">
      <Filter>Source Files</Filter>
    </ClCompile>
    <ClCompile Include="$(NCL30_DIR)\src\layout\DeviceLayout.cpp">
      <Filter>Source Files</Filter>
    </ClCompile>
    <ClCompile Include="$(NCL30_DIR)\src\layout\LayoutRegion.cpp">
      <Filter>Source Files</Filter>
    </ClCompile>
    <ClCompile Include="$(NCL30_DIR)\src\layout\RegionBase.cpp">
      <Filter>Source Files</Filter>
    </ClCompile>
    <ClCompile Include="$(NCL30_DIR)\src\link\Bind.cpp">
      <Filter>Source Files</Filter>
    </ClCompile>
    <ClCompile Include="$(NCL30_DIR)\src\link\CausalLink.cpp">
      <Filter>Source Files</Filter>
    </ClCompile>
    <ClCompile Include="$(NCL30_DIR)\src\link\Link.cpp">
      <Filter>Source Files</Filter>
    </ClCompile>
    <ClCompile Include="$(NCL30_DIR)\src\metainformation\Meta.cpp">
      <Filter>Source Files</Filter>
    </ClCompile>
    <ClCompile Include="$(NCL30_DIR)\src\metainformation\Metadata.cpp">
      <Filter>Source Files</Filter>
    </ClCompile>
    <ClCompile Include="$(NCL30_DIR)\src\navigation\FocusDecoration.cpp">
      <Filter>Source Files</Filter>
    </ClCompile>
    <ClCompile Include="$(NCL30_DIR)\src\navigation\KeyNavigation.cpp">
      <Filter>Source Files</Filter>
    </ClCompile>
    <ClCompile Include="$(NCL30_DIR)\src\NclDocument.cpp">
      <Filter>Source Files</Filter>
    </ClCompile>
    <ClCompile Include="$(NCL30_DIR)\src\Parameter.cpp">
      <Filter>Source Files</Filter>
    </ClCompile>
    <ClCompile Include="$(NCL30_DIR)\src\reuse\ReferNode.cpp">
      <Filter>Source Files</Filter>
    </ClCompile>
    <ClCompile Include="$(NCL30_DIR)\src\reuse\ReferredNode.cpp">
      <Filter>Source Files</Filter>
    </ClCompile>
    <ClCompile Include="$(NCL30_DIR)\src\switches\CompositeRule.cpp">
      <Filter>Source Files</Filter>
    </ClCompile>
    <ClCompile Include="$(NCL30_DIR)\src\switches\DescriptorSwitch.cpp">
      <Filter>Source Files</Filter>
    </ClCompile>
    <ClCompile Include="$(NCL30_DIR)\src\switches\Rule.cpp">
      <Filter>Source Files</Filter>
    </ClCompile>
    <ClCompile Include="$(NCL30_DIR)\src\switches\RuleBase.cpp">
      <Filter>Source Files</Filter>
    </ClCompile>
    <ClCompile Include="$(NCL30_DIR)\src\switches\SimpleRule.cpp">
      <Filter>Source Files</Filter>
    </ClCompile>
    <ClCompile Include="$(NCL30_DIR)\src\switches\SwitchContent.cpp">
      <Filter>Source Files</Filter>
    </ClCompile>
    <ClCompile Include="$(NCL30_DIR)\src\switches\SwitchNode.cpp">
      <Filter>Source Files</Filter>
    </ClCompile>
    <ClCompile Include="$(NCL30_DIR)\src\time\flexibility\LinearTimeCostFunction.cpp">
      <Filter>Source Files</Filter>
    </ClCompile>
    <ClCompile Include="$(NCL30_DIR)\src\time\flexibility\TemporalFlexibilityFunction.cpp">
      <Filter>Source Files</Filter>
    </ClCompile>
    <ClCompile Include="$(NCL30_DIR)\src\transition\Transition.cpp">
      <Filter>Source Files</Filter>
    </ClCompile>
    <ClCompile Include="$(NCL30_DIR)\src\transition\TransitionBase.cpp">
      <Filter>Source Files</Filter>
    </ClCompile>
    <ClCompile Include="$(NCL30_DIR)\src\transition\TransitionUtil.cpp">
      <Filter>Source Files</Filter>
    </ClCompile>
    <ClCompile Include="$(NCL30_DIR)\src\util\Comparator.cpp">
      <Filter>Source Files</Filter>
    </ClCompile>
    <ClCompile Include="$(NCL30_DIR)\test\test.cpp">
      <Filter>Source Files</Filter>
    </ClCompile>
  </ItemGroup>
  <ItemGroup>
    <ClInclude Include="$(NCL30_DIR)\include\ncl\animation\Animation.h">
      <Filter>Header Files</Filter>
    </ClInclude>
    <ClInclude Include="$(NCL30_DIR)\include\ncl\Base.h">
      <Filter>Header Files</Filter>
    </ClInclude>
    <ClInclude Include="$(NCL30_DIR)\include\ncl\components\AbsoluteReferenceContent.h">
      <Filter>Header Files</Filter>
    </ClInclude>
    <ClInclude Include="$(NCL30_DIR)\include\ncl\components\CompositeNode.h">
      <Filter>Header Files</Filter>
    </ClInclude>
    <ClInclude Include="$(NCL30_DIR)\include\ncl\components\Content.h">
      <Filter>Header Files</Filter>
    </ClInclude>
    <ClInclude Include="$(NCL30_DIR)\include\ncl\components\ContentNode.h">
      <Filter>Header Files</Filter>
    </ClInclude>
    <ClInclude Include="$(NCL30_DIR)\include\ncl\components\ContentTypeManager.h">
      <Filter>Header Files</Filter>
    </ClInclude>
    <ClInclude Include="$(NCL30_DIR)\include\ncl\components\ContextNode.h">
      <Filter>Header Files</Filter>
    </ClInclude>
    <ClInclude Include="$(NCL30_DIR)\include\ncl\components\IllegalNodeTypeException.h">
      <Filter>Header Files</Filter>
    </ClInclude>
    <ClInclude Include="$(NCL30_DIR)\include\ncl\components\Node.h">
      <Filter>Header Files</Filter>
    </ClInclude>
    <ClInclude Include="$(NCL30_DIR)\include\ncl\components\NodeEntity.h">
      <Filter>Header Files</Filter>
    </ClInclude>
    <ClInclude Include="$(NCL30_DIR)\include\ncl\components\PrivateBase.h">
      <Filter>Header Files</Filter>
    </ClInclude>
    <ClInclude Include="$(NCL30_DIR)\include\ncl\components\ReferenceContent.h">
      <Filter>Header Files</Filter>
    </ClInclude>
    <ClInclude Include="$(NCL30_DIR)\include\ncl\components\RelativeReferenceContent.h">
      <Filter>Header Files</Filter>
    </ClInclude>
    <ClInclude Include="$(NCL30_DIR)\include\ncl\connectors\Action.h">
      <Filter>Header Files</Filter>
    </ClInclude>
    <ClInclude Include="$(NCL30_DIR)\include\ncl\connectors\Assessment.h">
      <Filter>Header Files</Filter>
    </ClInclude>
    <ClInclude Include="$(NCL30_DIR)\include\ncl\connectors\AssessmentStatement.h">
      <Filter>Header Files</Filter>
    </ClInclude>
    <ClInclude Include="$(NCL30_DIR)\include\ncl\connectors\AttributeAssessment.h">
      <Filter>Header Files</Filter>
    </ClInclude>
    <ClInclude Include="$(NCL30_DIR)\include\ncl\connectors\CausalConnector.h">
      <Filter>Header Files</Filter>
    </ClInclude>
    <ClInclude Include="$(NCL30_DIR)\include\ncl\connectors\CompoundAction.h">
      <Filter>Header Files</Filter>
    </ClInclude>
    <ClInclude Include="$(NCL30_DIR)\include\ncl\connectors\CompoundCondition.h">
      <Filter>Header Files</Filter>
    </ClInclude>
    <ClInclude Include="$(NCL30_DIR)\include\ncl\connectors\CompoundStatement.h">
      <Filter>Header Files</Filter>
    </ClInclude>
    <ClInclude Include="$(NCL30_DIR)\include\ncl\connectors\ConditionExpression.h">
      <Filter>Header Files</Filter>
    </ClInclude>
    <ClInclude Include="$(NCL30_DIR)\include\ncl\connectors\Connector.h">
      <Filter>Header Files</Filter>
    </ClInclude>
    <ClInclude Include="$(NCL30_DIR)\include\ncl\connectors\ConnectorBase.h">
      <Filter>Header Files</Filter>
    </ClInclude>
    <ClInclude Include="$(NCL30_DIR)\include\ncl\connectors\EventTransitionAssessment.h">
      <Filter>Header Files</Filter>
    </ClInclude>
    <ClInclude Include="$(NCL30_DIR)\include\ncl\connectors\EventUtil.h">
      <Filter>Header Files</Filter>
    </ClInclude>
    <ClInclude Include="$(NCL30_DIR)\include\ncl\connectors\Role.h">
      <Filter>Header Files</Filter>
    </ClInclude>
    <ClInclude Include="$(NCL30_DIR)\include\ncl\connectors\SimpleAction.h">
      <Filter>Header Files</Filter>
    </ClInclude>
    <ClInclude Include="$(NCL30_DIR)\include\ncl\connectors\SimpleCondition.h">
      <Filter>Header Files</Filter>
    </ClInclude>
    <ClInclude Include="$(NCL30_DIR)\include\ncl\connectors\Statement.h">
      <Filter>Header Files</Filter>
    </ClInclude>
    <ClInclude Include="$(NCL30_DIR)\include\ncl\connectors\TriggerExpression.h">
      <Filter>Header Files</Filter>
    </ClInclude>
    <ClInclude Include="$(NCL30_DIR)\include\ncl\connectors\ValueAssessment.h">
      <Filter>Header Files</Filter>
    </ClInclude>
    <ClInclude Include="$(NCL30_DIR)\include\ncl\descriptor\Descriptor.h">
      <Filter>Header Files</Filter>
    </ClInclude>
    <ClInclude Include="$(NCL30_DIR)\include\ncl\descriptor\DescriptorBase.h">
      <Filter>Header Files</Filter>
    </ClInclude>
    <ClInclude Include="$(NCL30_DIR)\include\ncl\descriptor\DescriptorUtil.h">
      <Filter>Header Files</Filter>
    </ClInclude>
    <ClInclude Include="$(NCL30_DIR)\include\ncl\descriptor\GenericDescriptor.h">
      <Filter>Header Files</Filter>
    </ClInclude>
    <ClInclude Include="$(NCL30_DIR)\include\ncl\Entity.h">
      <Filter>Header Files</Filter>
    </ClInclude>
    <ClInclude Include="$(NCL30_DIR)\include\ncl\IllegalBaseTypeException.h">
      <Filter>Header Files</Filter>
    </ClInclude>
    <ClInclude Include="$(NCL30_DIR)\include\ncl\interfaces\Anchor.h">
      <Filter>Header Files</Filter>
    </ClInclude>
    <ClInclude Include="$(NCL30_DIR)\include\ncl\interfaces\CircleSpatialAnchor.h">
      <Filter>Header Files</Filter>
    </ClInclude>
    <ClInclude Include="$(NCL30_DIR)\include\ncl\interfaces\ContentAnchor.h">
      <Filter>Header Files</Filter>
    </ClInclude>
    <ClInclude Include="$(NCL30_DIR)\include\ncl\interfaces\InterfacePoint.h">
      <Filter>Header Files</Filter>
    </ClInclude>
    <ClInclude Include="$(NCL30_DIR)\include\ncl\interfaces\IntervalAnchor.h">
      <Filter>Header Files</Filter>
    </ClInclude>
    <ClInclude Include="$(NCL30_DIR)\include\ncl\interfaces\LabeledAnchor.h">
      <Filter>Header Files</Filter>
    </ClInclude>
    <ClInclude Include="$(NCL30_DIR)\include\ncl\interfaces\LambdaAnchor.h">
      <Filter>Header Files</Filter>
    </ClInclude>
    <ClInclude Include="$(NCL30_DIR)\include\ncl\interfaces\Port.h">
      <Filter>Header Files</Filter>
    </ClInclude>
    <ClInclude Include="$(NCL30_DIR)\include\ncl\interfaces\PropertyAnchor.h">
      <Filter>Header Files</Filter>
    </ClInclude>
    <ClInclude Include="$(NCL30_DIR)\include\ncl\interfaces\RectangleSpatialAnchor.h">
      <Filter>Header Files</Filter>
    </ClInclude>
    <ClInclude Include="$(NCL30_DIR)\include\ncl\interfaces\RelativeTimeIntervalAnchor.h">
      <Filter>Header Files</Filter>
    </ClInclude>
    <ClInclude Include="$(NCL30_DIR)\include\ncl\interfaces\SampleIntervalAnchor.h">
      <Filter>Header Files</Filter>
    </ClInclude>
    <ClInclude Include="$(NCL30_DIR)\include\ncl\interfaces\SpatialAnchor.h">
      <Filter>Header Files</Filter>
    </ClInclude>
    <ClInclude Include="$(NCL30_DIR)\include\ncl\interfaces\SwitchPort.h">
      <Filter>Header Files</Filter>
    </ClInclude>
    <ClInclude Include="$(NCL30_DIR)\include\ncl\interfaces\TextAnchor.h">
      <Filter>Header Files</Filter>
    </ClInclude>
    <ClInclude Include="$(NCL30_DIR)\include\ncl\IPrivateBaseContext.h">
      <Filter>Header Files</Filter>
    </ClInclude>
    <ClInclude Include="$(NCL30_DIR)\include\ncl\layout\DeviceLayout.h">
      <Filter>Header Files</Filter>
    </ClInclude>
    <ClInclude Include="$(NCL30_DIR)\include\ncl\layout\IDeviceLayout.h">
      <Filter>Header Files</Filter>
    </ClInclude>
    <ClInclude Include="$(NCL30_DIR)\include\ncl\layout\LayoutRegion.h">
      <Filter>Header Files</Filter>
    </ClInclude>
    <ClInclude Include="$(NCL30_DIR)\include\ncl\layout\RegionBase.h">
      <Filter>Header Files</Filter>
    </ClInclude>
    <ClInclude Include="$(NCL30_DIR)\include\ncl\link\Bind.h">
      <Filter>Header Files</Filter>
    </ClInclude>
    <ClInclude Include="$(NCL30_DIR)\include\ncl\link\CausalLink.h">
      <Filter>Header Files</Filter>
    </ClInclude>
    <ClInclude Include="$(NCL30_DIR)\include\ncl\link\Link.h">
      <Filter>Header Files</Filter>
    </ClInclude>
    <ClInclude Include="$(NCL30_DIR)\include\ncl\link\LinkComposition.h">
      <Filter>Header Files</Filter>
    </ClInclude>
    <ClInclude Include="$(NCL30_DIR)\include\ncl\metainformation\Meta.h">
      <Filter>Header Files</Filter>
    </ClInclude>
    <ClInclude Include="$(NCL30_DIR)\include\ncl\metainformation\Metadata.h">
      <Filter>Header Files</Filter>
    </ClInclude>
    <ClInclude Include="$(NCL30_DIR)\include\ncl\navigation\FocusDecoration.h">
      <Filter>Header Files</Filter>
    </ClInclude>
    <ClInclude Include="$(NCL30_DIR)\include\ncl\navigation\KeyNavigation.h">
      <Filter>Header Files</Filter>
    </ClInclude>
    <ClInclude Include="$(NCL30_DIR)\include\ncl\NclDocument.h">
      <Filter>Header Files</Filter>
    </ClInclude>
    <ClInclude Include="$(NCL30_DIR)\include\ncl\Parameter.h">
      <Filter>Header Files</Filter>
    </ClInclude>
    <ClInclude Include="$(NCL30_DIR)\include\ncl\reuse\ReferNode.h">
      <Filter>Header Files</Filter>
    </ClInclude>
    <ClInclude Include="$(NCL30_DIR)\include\ncl\reuse\ReferredNode.h">
      <Filter>Header Files</Filter>
    </ClInclude>
    <ClInclude Include="$(NCL30_DIR)\include\ncl\switches\CompositeRule.h">
      <Filter>Header Files</Filter>
    </ClInclude>
    <ClInclude Include="$(NCL30_DIR)\include\ncl\switches\DescriptorSwitch.h">
      <Filter>Header Files</Filter>
    </ClInclude>
    <ClInclude Include="$(NCL30_DIR)\include\ncl\switches\Rule.h">
      <Filter>Header Files</Filter>
    </ClInclude>
    <ClInclude Include="$(NCL30_DIR)\include\ncl\switches\RuleBase.h">
      <Filter>Header Files</Filter>
    </ClInclude>
    <ClInclude Include="$(NCL30_DIR)\include\ncl\switches\SimpleRule.h">
      <Filter>Header Files</Filter>
    </ClInclude>
    <ClInclude Include="$(NCL30_DIR)\include\ncl\switches\SwitchContent.h">
      <Filter>Header Files</Filter>
    </ClInclude>
    <ClInclude Include="$(NCL30_DIR)\include\ncl\switches\SwitchNode.h">
      <Filter>Header Files</Filter>
    </ClInclude>
    <ClInclude Include="$(NCL30_DIR)\include\ncl\time\flexibility\LinearTimeCostFunction.h">
      <Filter>Header Files</Filter>
    </ClInclude>
    <ClInclude Include="$(NCL30_DIR)\include\ncl\time\flexibility\TemporalFlexibilityFunction.h">
      <Filter>Header Files</Filter>
    </ClInclude>
    <ClInclude Include="$(NCL30_DIR)\include\ncl\transition\Transition.h">
      <Filter>Header Files</Filter>
    </ClInclude>
    <ClInclude Include="$(NCL30_DIR)\include\ncl\transition\TransitionBase.h">
      <Filter>Header Files</Filter>
    </ClInclude>
    <ClInclude Include="$(NCL30_DIR)\include\ncl\transition\TransitionUtil.h">
      <Filter>Header Files</Filter>
    </ClInclude>
    <ClInclude Include="$(NCL30_DIR)\include\ncl\util\Comparator.h">
      <Filter>Header Files</Filter>
    </ClInclude>
    <ClInclude Include="$(NCL30_DIR)\include\Ncl30Conf.h">
      <Filter>Header Files</Filter>
    </ClInclude>
  </ItemGroup>
</Project>