<?xml version="1.0" encoding="utf-8"?>
<Project ToolsVersion="4.0" xmlns="http://schemas.microsoft.com/developer/msbuild/2003">
  <ItemGroup>
    <Filter Include="Source Files">
      <UniqueIdentifier>{4FC737F1-C7A5-4376-A066-2A32D752A2FF}</UniqueIdentifier>
      <Extensions>cpp;c;cc;cxx;def;odl;idl;hpj;bat;asm;asmx</Extensions>
    </Filter>
    <Filter Include="Header Files">
      <UniqueIdentifier>{93995380-89BD-4b04-88EB-625FBE52EBFB}</UniqueIdentifier>
      <Extensions>h;hpp;hxx;hm;inl;inc;xsd</Extensions>
    </Filter>
    <Filter Include="Resource Files">
      <UniqueIdentifier>{67DA6AB6-F800-4c08-8B7A-83BB121AAD01}</UniqueIdentifier>
      <Extensions>rc;ico;cur;bmp;dlg;rc2;rct;bin;rgs;gif;jpg;jpeg;jpe;resx;tiff;tif;png;wav;mfcribbon-ms</Extensions>
    </Filter>
    <Filter Include="Source Files\ctxmgmt">
      <UniqueIdentifier>{de0a06ed-7961-491e-8968-dc2f371dda28}</UniqueIdentifier>
    </Filter>
    <Filter Include="Header Files\ctxmgmt">
      <UniqueIdentifier>{c35ca500-014f-4552-90e1-43bc707f359d}</UniqueIdentifier>
    </Filter>
    <Filter Include="Source Files\formatter">
      <UniqueIdentifier>{5209d671-408f-46c5-955d-2d2773e978f3}</UniqueIdentifier>
    </Filter>
    <Filter Include="Header Files\formatter">
      <UniqueIdentifier>{0014a140-6d83-4c17-a4c1-bce173180ba2}</UniqueIdentifier>
    </Filter>
    <Filter Include="Source Files\ic">
      <UniqueIdentifier>{dce7f43b-1e09-4df3-9186-0c68cc0ea3cc}</UniqueIdentifier>
    </Filter>
    <Filter Include="Header Files\ic">
      <UniqueIdentifier>{0aef8979-9a8d-4d4e-8f3f-14db58452e0f}</UniqueIdentifier>
    </Filter>
    <Filter Include="Header Files\isdbt-dataproc">
      <UniqueIdentifier>{3303a63d-c038-4abd-a81a-d19f86994cf4}</UniqueIdentifier>
    </Filter>
    <Filter Include="Header Files\isdbt-tsparser">
      <UniqueIdentifier>{06d6fbc8-5443-454f-a85a-28c8a41d294a}</UniqueIdentifier>
    </Filter>
    <Filter Include="Header Files\isdbt-tuner">
      <UniqueIdentifier>{4a7f7643-eefa-4280-bb68-daa0c5d6d715}</UniqueIdentifier>
    </Filter>
    <Filter Include="Source Files\lssm">
      <UniqueIdentifier>{b464e1a3-0aa0-45d6-b3ce-6465ee3d7a64}</UniqueIdentifier>
    </Filter>
    <Filter Include="Header Files\lssm">
      <UniqueIdentifier>{44146f7e-bf6b-44b0-bd6a-f337aeb6ffb7}</UniqueIdentifier>
    </Filter>
    <Filter Include="Source Files\mb">
      <UniqueIdentifier>{8d0ee349-c6d5-4a65-80a6-be83342b3390}</UniqueIdentifier>
    </Filter>
    <Filter Include="Header Files\mb">
      <UniqueIdentifier>{73c10bc7-300f-4e84-8778-0c240f621dfb}</UniqueIdentifier>
    </Filter>
    <Filter Include="Header Files\multidev">
      <UniqueIdentifier>{f1a8f797-f6b7-496d-ae8c-38cbe08d3808}</UniqueIdentifier>
    </Filter>
    <Filter Include="Source Files\ncl">
      <UniqueIdentifier>{670fcc41-2e68-465e-8274-046b260ce4fb}</UniqueIdentifier>
    </Filter>
    <Filter Include="Header Files\ncl">
      <UniqueIdentifier>{2f148628-c553-4919-b89d-de2a0ec329b3}</UniqueIdentifier>
    </Filter>
    <Filter Include="Source Files\nclconv">
      <UniqueIdentifier>{309a2ebc-6ad3-4388-8c19-f6709387467e}</UniqueIdentifier>
    </Filter>
    <Filter Include="Header Files\nclconv">
      <UniqueIdentifier>{d9b3d746-3b1a-4749-9390-1675a22f800a}</UniqueIdentifier>
    </Filter>
    <Filter Include="Source Files\player">
      <UniqueIdentifier>{12138b69-f7a1-4d14-82f1-bae017f0a313}</UniqueIdentifier>
    </Filter>
    <Filter Include="Header Files\player">
      <UniqueIdentifier>{62176418-8676-4660-8823-e8212a28dcac}</UniqueIdentifier>
    </Filter>
    <Filter Include="Source Files\system">
      <UniqueIdentifier>{08d03c0e-243d-45ff-bf8c-25517a72b688}</UniqueIdentifier>
    </Filter>
    <Filter Include="Header Files\system">
      <UniqueIdentifier>{0503c58d-e044-4aeb-9363-d452ab1a804c}</UniqueIdentifier>
    </Filter>
    <Filter Include="Source Files\util">
      <UniqueIdentifier>{1cb1b47d-a138-406e-8690-87a5c153c8a2}</UniqueIdentifier>
    </Filter>
    <Filter Include="Header Files\util">
      <UniqueIdentifier>{1db6d7ab-dffa-431f-ba5c-bf2b2750184a}</UniqueIdentifier>
    </Filter>
    <Filter Include="Source Files\isdbt-tuner">
      <UniqueIdentifier>{3dbd3252-976d-4b55-a13d-f5fcc464fa2f}</UniqueIdentifier>
    </Filter>
    <Filter Include="Source Files\isdbt-tsparser">
      <UniqueIdentifier>{c13a886d-d6cc-4c07-9d4c-7aef14cdc119}</UniqueIdentifier>
    </Filter>
    <Filter Include="Source Files\isdbt-dataproc">
      <UniqueIdentifier>{7205bfca-6f11-475d-af01-7562562dcacf}</UniqueIdentifier>
    </Filter>
  </ItemGroup>
  <ItemGroup>
    <ClCompile Include="..\..\..\src\ctxmgmt\SystemInfo.cpp">
      <Filter>Source Files\ctxmgmt</Filter>
    </ClCompile>
    <ClCompile Include="..\..\..\src\ctxmgmt\ContextManager.cpp">
      <Filter>Source Files\ctxmgmt</Filter>
    </ClCompile>
    <ClCompile Include="..\..\..\src\ctxmgmt\GingaUser.cpp">
      <Filter>Source Files\ctxmgmt</Filter>
    </ClCompile>
    <ClCompile Include="..\..\..\src\ic\InteractiveChannelManager.cpp">
      <Filter>Source Files\ic</Filter>
    </ClCompile>
    <ClCompile Include="..\..\..\src\ic\CurlInteractiveChannel.cpp">
      <Filter>Source Files\ic</Filter>
    </ClCompile>
    <ClCompile Include="..\..\..\src\lssm\PresentationEngineManager.cpp">
      <Filter>Source Files\lssm</Filter>
    </ClCompile>
    <ClCompile Include="..\..\..\src\lssm\CommonCoreManager.cpp">
      <Filter>Source Files\lssm</Filter>
    </ClCompile>
    <ClCompile Include="..\..\..\src\ncl\AttributeAssessment.cpp">
      <Filter>Source Files\ncl</Filter>
    </ClCompile>
    <ClCompile Include="..\..\..\src\ncl\Base.cpp">
      <Filter>Source Files\ncl</Filter>
    </ClCompile>
    <ClCompile Include="..\..\..\src\ncl\Bind.cpp">
      <Filter>Source Files\ncl</Filter>
    </ClCompile>
    <ClCompile Include="..\..\..\src\ncl\CausalConnector.cpp">
      <Filter>Source Files\ncl</Filter>
    </ClCompile>
    <ClCompile Include="..\..\..\src\ncl\CausalLink.cpp">
      <Filter>Source Files\ncl</Filter>
    </ClCompile>
    <ClCompile Include="..\..\..\src\ncl\Comparator.cpp">
      <Filter>Source Files\ncl</Filter>
    </ClCompile>
    <ClCompile Include="..\..\..\src\ncl\CompositeNode.cpp">
      <Filter>Source Files\ncl</Filter>
    </ClCompile>
    <ClCompile Include="..\..\..\src\ncl\CompositeRule.cpp">
      <Filter>Source Files\ncl</Filter>
    </ClCompile>
    <ClCompile Include="..\..\..\src\ncl\CompoundAction.cpp">
      <Filter>Source Files\ncl</Filter>
    </ClCompile>
    <ClCompile Include="..\..\..\src\ncl\CompoundCondition.cpp">
      <Filter>Source Files\ncl</Filter>
    </ClCompile>
    <ClCompile Include="..\..\..\src\ncl\CompoundStatement.cpp">
      <Filter>Source Files\ncl</Filter>
    </ClCompile>
    <ClCompile Include="..\..\..\src\ncl\Connector.cpp">
      <Filter>Source Files\ncl</Filter>
    </ClCompile>
    <ClCompile Include="..\..\..\src\ncl\ConnectorBase.cpp">
      <Filter>Source Files\ncl</Filter>
    </ClCompile>
    <ClCompile Include="..\..\..\src\ncl\Content.cpp">
      <Filter>Source Files\ncl</Filter>
    </ClCompile>
    <ClCompile Include="..\..\..\src\ncl\ContentAnchor.cpp">
      <Filter>Source Files\ncl</Filter>
    </ClCompile>
    <ClCompile Include="..\..\..\src\ncl\ContentNode.cpp">
      <Filter>Source Files\ncl</Filter>
    </ClCompile>
    <ClCompile Include="..\..\..\src\ncl\ContentTypeManager.cpp">
      <Filter>Source Files\ncl</Filter>
    </ClCompile>
    <ClCompile Include="..\..\..\src\ncl\ContextNode.cpp">
      <Filter>Source Files\ncl</Filter>
    </ClCompile>
    <ClCompile Include="..\..\..\src\ncl\Descriptor.cpp">
      <Filter>Source Files\ncl</Filter>
    </ClCompile>
    <ClCompile Include="..\..\..\src\ncl\DescriptorBase.cpp">
      <Filter>Source Files\ncl</Filter>
    </ClCompile>
    <ClCompile Include="..\..\..\src\ncl\DescriptorSwitch.cpp">
      <Filter>Source Files\ncl</Filter>
    </ClCompile>
    <ClCompile Include="..\..\..\src\ncl\DeviceLayout.cpp">
      <Filter>Source Files\ncl</Filter>
    </ClCompile>
    <ClCompile Include="..\..\..\src\ncl\Entity.cpp">
      <Filter>Source Files\ncl</Filter>
    </ClCompile>
    <ClCompile Include="..\..\..\src\ncl\EventUtil.cpp">
      <Filter>Source Files\ncl</Filter>
    </ClCompile>
    <ClCompile Include="..\..\..\src\ncl\FocusDecoration.cpp">
      <Filter>Source Files\ncl</Filter>
    </ClCompile>
    <ClCompile Include="..\..\..\src\ncl\IntervalAnchor.cpp">
      <Filter>Source Files\ncl</Filter>
    </ClCompile>
    <ClCompile Include="..\..\..\src\ncl\KeyNavigation.cpp">
      <Filter>Source Files\ncl</Filter>
    </ClCompile>
    <ClCompile Include="..\..\..\src\ncl\LabeledAnchor.cpp">
      <Filter>Source Files\ncl</Filter>
    </ClCompile>
    <ClCompile Include="..\..\..\src\ncl\LambdaAnchor.cpp">
      <Filter>Source Files\ncl</Filter>
    </ClCompile>
    <ClCompile Include="..\..\..\src\ncl\LayoutRegion.cpp">
      <Filter>Source Files\ncl</Filter>
    </ClCompile>
    <ClCompile Include="..\..\..\src\ncl\Link.cpp">
      <Filter>Source Files\ncl</Filter>
    </ClCompile>
    <ClCompile Include="..\..\..\src\ncl\Meta.cpp">
      <Filter>Source Files\ncl</Filter>
    </ClCompile>
    <ClCompile Include="..\..\..\src\ncl\Metadata.cpp">
      <Filter>Source Files\ncl</Filter>
    </ClCompile>
    <ClCompile Include="..\..\..\src\ncl\NclDocument.cpp">
      <Filter>Source Files\ncl</Filter>
    </ClCompile>
    <ClCompile Include="..\..\..\src\ncl\Node.cpp">
      <Filter>Source Files\ncl</Filter>
    </ClCompile>
    <ClCompile Include="..\..\..\src\ncl\NodeEntity.cpp">
      <Filter>Source Files\ncl</Filter>
    </ClCompile>
    <ClCompile Include="..\..\..\src\ncl\Parameter.cpp">
      <Filter>Source Files\ncl</Filter>
    </ClCompile>
    <ClCompile Include="..\..\..\src\ncl\Port.cpp">
      <Filter>Source Files\ncl</Filter>
    </ClCompile>
    <ClCompile Include="..\..\..\src\ncl\PrivateBase.cpp">
      <Filter>Source Files\ncl</Filter>
    </ClCompile>
    <ClCompile Include="..\..\..\src\ncl\PropertyAnchor.cpp">
      <Filter>Source Files\ncl</Filter>
    </ClCompile>
    <ClCompile Include="..\..\..\src\ncl\RectangleSpatialAnchor.cpp">
      <Filter>Source Files\ncl</Filter>
    </ClCompile>
    <ClCompile Include="..\..\..\src\ncl\ReferenceContent.cpp">
      <Filter>Source Files\ncl</Filter>
    </ClCompile>
    <ClCompile Include="..\..\..\src\ncl\ReferNode.cpp">
      <Filter>Source Files\ncl</Filter>
    </ClCompile>
    <ClCompile Include="..\..\..\src\ncl\ReferredNode.cpp">
      <Filter>Source Files\ncl</Filter>
    </ClCompile>
    <ClCompile Include="..\..\..\src\ncl\RegionBase.cpp">
      <Filter>Source Files\ncl</Filter>
    </ClCompile>
    <ClCompile Include="..\..\..\src\ncl\RelativeTimeIntervalAnchor.cpp">
      <Filter>Source Files\ncl</Filter>
    </ClCompile>
    <ClCompile Include="..\..\..\src\ncl\Role.cpp">
      <Filter>Source Files\ncl</Filter>
    </ClCompile>
    <ClCompile Include="..\..\..\src\ncl\Rule.cpp">
      <Filter>Source Files\ncl</Filter>
    </ClCompile>
    <ClCompile Include="..\..\..\src\ncl\RuleBase.cpp">
      <Filter>Source Files\ncl</Filter>
    </ClCompile>
    <ClCompile Include="..\..\..\src\ncl\SampleIntervalAnchor.cpp">
      <Filter>Source Files\ncl</Filter>
    </ClCompile>
    <ClCompile Include="..\..\..\src\ncl\SimpleAction.cpp">
      <Filter>Source Files\ncl</Filter>
    </ClCompile>
    <ClCompile Include="..\..\..\src\ncl\SimpleCondition.cpp">
      <Filter>Source Files\ncl</Filter>
    </ClCompile>
    <ClCompile Include="..\..\..\src\ncl\SimpleRule.cpp">
      <Filter>Source Files\ncl</Filter>
    </ClCompile>
    <ClCompile Include="..\..\..\src\ncl\SwitchContent.cpp">
      <Filter>Source Files\ncl</Filter>
    </ClCompile>
    <ClCompile Include="..\..\..\src\ncl\SwitchNode.cpp">
      <Filter>Source Files\ncl</Filter>
    </ClCompile>
    <ClCompile Include="..\..\..\src\ncl\SwitchPort.cpp">
      <Filter>Source Files\ncl</Filter>
    </ClCompile>
    <ClCompile Include="..\..\..\src\ncl\TextAnchor.cpp">
      <Filter>Source Files\ncl</Filter>
    </ClCompile>
    <ClCompile Include="..\..\..\src\ncl\Transition.cpp">
      <Filter>Source Files\ncl</Filter>
    </ClCompile>
    <ClCompile Include="..\..\..\src\ncl\TransitionBase.cpp">
      <Filter>Source Files\ncl</Filter>
    </ClCompile>
    <ClCompile Include="..\..\..\src\ncl\TransitionUtil.cpp">
      <Filter>Source Files\ncl</Filter>
    </ClCompile>
    <ClCompile Include="..\..\..\src\ncl\TriggerExpression.cpp">
      <Filter>Source Files\ncl</Filter>
    </ClCompile>
    <ClCompile Include="..\..\..\src\ncl\ValueAssessment.cpp">
      <Filter>Source Files\ncl</Filter>
    </ClCompile>
    <ClCompile Include="..\..\..\src\ncl\AbsoluteReferenceContent.cpp">
      <Filter>Source Files\ncl</Filter>
    </ClCompile>
    <ClCompile Include="..\..\..\src\ncl\Action.cpp">
      <Filter>Source Files\ncl</Filter>
    </ClCompile>
    <ClCompile Include="..\..\..\src\ncl\Anchor.cpp">
      <Filter>Source Files\ncl</Filter>
    </ClCompile>
    <ClCompile Include="..\..\..\src\ncl\Animation.cpp">
      <Filter>Source Files\ncl</Filter>
    </ClCompile>
    <ClCompile Include="..\..\..\src\ncl\AssessmentStatement.cpp">
      <Filter>Source Files\ncl</Filter>
    </ClCompile>
    <ClCompile Include="..\..\..\src\nclconv\NclConnectorsConverter.cpp">
      <Filter>Source Files\nclconv</Filter>
    </ClCompile>
    <ClCompile Include="..\..\..\src\nclconv\NclConnectorsParser.cpp">
      <Filter>Source Files\nclconv</Filter>
    </ClCompile>
    <ClCompile Include="..\..\..\src\nclconv\NclDocumentConverter.cpp">
      <Filter>Source Files\nclconv</Filter>
    </ClCompile>
    <ClCompile Include="..\..\..\src\nclconv\NclDocumentParser.cpp">
      <Filter>Source Files\nclconv</Filter>
    </ClCompile>
    <ClCompile Include="..\..\..\src\nclconv\NclImportConverter.cpp">
      <Filter>Source Files\nclconv</Filter>
    </ClCompile>
    <ClCompile Include="..\..\..\src\nclconv\NclImportParser.cpp">
      <Filter>Source Files\nclconv</Filter>
    </ClCompile>
    <ClCompile Include="..\..\..\src\nclconv\NclInterfacesConverter.cpp">
      <Filter>Source Files\nclconv</Filter>
    </ClCompile>
    <ClCompile Include="..\..\..\src\nclconv\NclInterfacesParser.cpp">
      <Filter>Source Files\nclconv</Filter>
    </ClCompile>
    <ClCompile Include="..\..\..\src\nclconv\NclLayoutConverter.cpp">
      <Filter>Source Files\nclconv</Filter>
    </ClCompile>
    <ClCompile Include="..\..\..\src\nclconv\NclLayoutParser.cpp">
      <Filter>Source Files\nclconv</Filter>
    </ClCompile>
    <ClCompile Include="..\..\..\src\nclconv\NclLinkingConverter.cpp">
      <Filter>Source Files\nclconv</Filter>
    </ClCompile>
    <ClCompile Include="..\..\..\src\nclconv\NclLinkingParser.cpp">
      <Filter>Source Files\nclconv</Filter>
    </ClCompile>
    <ClCompile Include="..\..\..\src\nclconv\NclMetainformationConverter.cpp">
      <Filter>Source Files\nclconv</Filter>
    </ClCompile>
    <ClCompile Include="..\..\..\src\nclconv\NclMetainformationParser.cpp">
      <Filter>Source Files\nclconv</Filter>
    </ClCompile>
    <ClCompile Include="..\..\..\src\nclconv\NclPresentationControlConverter.cpp">
      <Filter>Source Files\nclconv</Filter>
    </ClCompile>
    <ClCompile Include="..\..\..\src\nclconv\NclPresentationControlParser.cpp">
      <Filter>Source Files\nclconv</Filter>
    </ClCompile>
    <ClCompile Include="..\..\..\src\nclconv\NclPresentationSpecConverter.cpp">
      <Filter>Source Files\nclconv</Filter>
    </ClCompile>
    <ClCompile Include="..\..\..\src\nclconv\NclPresentationSpecificationParser.cpp">
      <Filter>Source Files\nclconv</Filter>
    </ClCompile>
    <ClCompile Include="..\..\..\src\nclconv\NclStructureConverter.cpp">
      <Filter>Source Files\nclconv</Filter>
    </ClCompile>
    <ClCompile Include="..\..\..\src\nclconv\NclStructureParser.cpp">
      <Filter>Source Files\nclconv</Filter>
    </ClCompile>
    <ClCompile Include="..\..\..\src\nclconv\NclTransitionConverter.cpp">
      <Filter>Source Files\nclconv</Filter>
    </ClCompile>
    <ClCompile Include="..\..\..\src\nclconv\NclTransitionParser.cpp">
      <Filter>Source Files\nclconv</Filter>
    </ClCompile>
    <ClCompile Include="..\..\..\src\nclconv\XMLParsing.cpp">
      <Filter>Source Files\nclconv</Filter>
    </ClCompile>
    <ClCompile Include="..\..\..\src\nclconv\DocumentParser.cpp">
      <Filter>Source Files\nclconv</Filter>
    </ClCompile>
    <ClCompile Include="..\..\..\src\nclconv\DOMTreeErrorReporter.cpp">
      <Filter>Source Files\nclconv</Filter>
    </ClCompile>
    <ClCompile Include="..\..\..\src\nclconv\NclComponentsConverter.cpp">
      <Filter>Source Files\nclconv</Filter>
    </ClCompile>
    <ClCompile Include="..\..\..\src\nclconv\NclComponentsParser.cpp">
      <Filter>Source Files\nclconv</Filter>
    </ClCompile>
    <ClCompile Include="..\..\..\src\system\SystemCompat.cpp">
      <Filter>Source Files\system</Filter>
    </ClCompile>
    <ClCompile Include="..\..\..\src\system\Thread.cpp">
      <Filter>Source Files\system</Filter>
    </ClCompile>
    <ClCompile Include="..\..\..\src\system\GingaLocatorFactory.cpp">
      <Filter>Source Files\system</Filter>
    </ClCompile>
    <ClCompile Include="..\..\..\src\system\PracticalSocket.cpp">
      <Filter>Source Files\system</Filter>
    </ClCompile>
    <ClCompile Include="..\..\..\src\system\Stc.cpp">
      <Filter>Source Files\system</Filter>
    </ClCompile>
    <ClCompile Include="..\..\..\src\main.cpp">
      <Filter>Source Files</Filter>
    </ClCompile>
    <ClCompile Include="asprintf.c">
      <Filter>Source Files</Filter>
    </ClCompile>
    <ClCompile Include="..\..\..\src\isdbt-tuner\NetworkProvider.cpp">
      <Filter>Source Files\isdbt-tuner</Filter>
    </ClCompile>
    <ClCompile Include="..\..\..\src\isdbt-tuner\Tuner.cpp">
      <Filter>Source Files\isdbt-tuner</Filter>
    </ClCompile>
    <ClCompile Include="..\..\..\src\isdbt-tuner\Channel.cpp">
      <Filter>Source Files\isdbt-tuner</Filter>
    </ClCompile>
    <ClCompile Include="..\..\..\src\isdbt-tuner\FileSystemProvider.cpp">
      <Filter>Source Files\isdbt-tuner</Filter>
    </ClCompile>
    <ClCompile Include="..\..\..\src\isdbt-tuner\MulticastProvider.cpp">
      <Filter>Source Files\isdbt-tuner</Filter>
    </ClCompile>
    <ClCompile Include="..\..\..\src\isdbt-tuner\NetworkInterface.cpp">
      <Filter>Source Files\isdbt-tuner</Filter>
    </ClCompile>
    <ClCompile Include="..\..\..\src\isdbt-tsparser\ServiceDescriptor.cpp">
      <Filter>Source Files\isdbt-tsparser</Filter>
    </ClCompile>
    <ClCompile Include="..\..\..\src\isdbt-tsparser\ServiceInfo.cpp">
      <Filter>Source Files\isdbt-tsparser</Filter>
    </ClCompile>
    <ClCompile Include="..\..\..\src\isdbt-tsparser\ShortEventDescriptor.cpp">
      <Filter>Source Files\isdbt-tsparser</Filter>
    </ClCompile>
    <ClCompile Include="..\..\..\src\isdbt-tsparser\StreamIdentifierDescriptor.cpp">
      <Filter>Source Files\isdbt-tsparser</Filter>
    </ClCompile>
    <ClCompile Include="..\..\..\src\isdbt-tsparser\TOT.cpp">
      <Filter>Source Files\isdbt-tsparser</Filter>
    </ClCompile>
    <ClCompile Include="..\..\..\src\isdbt-tsparser\TransportProtocolDescriptor.cpp">
      <Filter>Source Files\isdbt-tsparser</Filter>
    </ClCompile>
    <ClCompile Include="..\..\..\src\isdbt-tsparser\TransportSection.cpp">
      <Filter>Source Files\isdbt-tsparser</Filter>
    </ClCompile>
    <ClCompile Include="..\..\..\src\isdbt-tsparser\TSAdaptationField.cpp">
      <Filter>Source Files\isdbt-tsparser</Filter>
    </ClCompile>
    <ClCompile Include="..\..\..\src\isdbt-tsparser\TSPacket.cpp">
      <Filter>Source Files\isdbt-tsparser</Filter>
    </ClCompile>
    <ClCompile Include="..\..\..\src\isdbt-tsparser\AIT.cpp">
      <Filter>Source Files\isdbt-tsparser</Filter>
    </ClCompile>
    <ClCompile Include="..\..\..\src\isdbt-tsparser\Application.cpp">
      <Filter>Source Files\isdbt-tsparser</Filter>
    </ClCompile>
    <ClCompile Include="..\..\..\src\isdbt-tsparser\ApplicationDescriptor.cpp">
      <Filter>Source Files\isdbt-tsparser</Filter>
    </ClCompile>
    <ClCompile Include="..\..\..\src\isdbt-tsparser\ApplicationLocationDescriptor.cpp">
      <Filter>Source Files\isdbt-tsparser</Filter>
    </ClCompile>
    <ClCompile Include="..\..\..\src\isdbt-tsparser\ApplicationNameDescriptor.cpp">
      <Filter>Source Files\isdbt-tsparser</Filter>
    </ClCompile>
    <ClCompile Include="..\..\..\src\isdbt-tsparser\AudioComponentDescriptor.cpp">
      <Filter>Source Files\isdbt-tsparser</Filter>
    </ClCompile>
    <ClCompile Include="..\..\..\src\isdbt-tsparser\ComponentDescriptor.cpp">
      <Filter>Source Files\isdbt-tsparser</Filter>
    </ClCompile>
    <ClCompile Include="..\..\..\src\isdbt-tsparser\ContentAvailabilityDescriptor.cpp">
      <Filter>Source Files\isdbt-tsparser</Filter>
    </ClCompile>
    <ClCompile Include="..\..\..\src\isdbt-tsparser\ContentDescriptor.cpp">
      <Filter>Source Files\isdbt-tsparser</Filter>
    </ClCompile>
    <ClCompile Include="..\..\..\src\isdbt-tsparser\DataContentDescriptor.cpp">
      <Filter>Source Files\isdbt-tsparser</Filter>
    </ClCompile>
    <ClCompile Include="..\..\..\src\isdbt-tsparser\Demuxer.cpp">
      <Filter>Source Files\isdbt-tsparser</Filter>
    </ClCompile>
    <ClCompile Include="..\..\..\src\isdbt-tsparser\DigitalCCDescriptor.cpp">
      <Filter>Source Files\isdbt-tsparser</Filter>
    </ClCompile>
    <ClCompile Include="..\..\..\src\isdbt-tsparser\EventInfo.cpp">
      <Filter>Source Files\isdbt-tsparser</Filter>
    </ClCompile>
    <ClCompile Include="..\..\..\src\isdbt-tsparser\ExtendedEventDescriptor.cpp">
      <Filter>Source Files\isdbt-tsparser</Filter>
    </ClCompile>
    <ClCompile Include="..\..\..\src\isdbt-tsparser\FrontendFilter.cpp">
      <Filter>Source Files\isdbt-tsparser</Filter>
    </ClCompile>
    <ClCompile Include="..\..\..\src\isdbt-tsparser\LocalTimeOffsetDescriptor.cpp">
      <Filter>Source Files\isdbt-tsparser</Filter>
    </ClCompile>
    <ClCompile Include="..\..\..\src\isdbt-tsparser\LogoTransmissionDescriptor.cpp">
      <Filter>Source Files\isdbt-tsparser</Filter>
    </ClCompile>
    <ClCompile Include="..\..\..\src\isdbt-tsparser\ParentalRatingDescriptor.cpp">
      <Filter>Source Files\isdbt-tsparser</Filter>
    </ClCompile>
    <ClCompile Include="..\..\..\src\isdbt-tsparser\Pat.cpp">
      <Filter>Source Files\isdbt-tsparser</Filter>
    </ClCompile>
    <ClCompile Include="..\..\..\src\isdbt-tsparser\PesFilter.cpp">
      <Filter>Source Files\isdbt-tsparser</Filter>
    </ClCompile>
    <ClCompile Include="..\..\..\src\isdbt-tsparser\PipeFilter.cpp">
      <Filter>Source Files\isdbt-tsparser</Filter>
    </ClCompile>
    <ClCompile Include="..\..\..\src\isdbt-tsparser\Pmt.cpp">
      <Filter>Source Files\isdbt-tsparser</Filter>
    </ClCompile>
    <ClCompile Include="..\..\..\src\isdbt-tsparser\PrefetchDescriptor.cpp">
      <Filter>Source Files\isdbt-tsparser</Filter>
    </ClCompile>
    <ClCompile Include="..\..\..\src\isdbt-tsparser\PSIFilter.cpp">
      <Filter>Source Files\isdbt-tsparser</Filter>
    </ClCompile>
    <ClCompile Include="..\..\..\src\isdbt-tsparser\SeriesDescriptor.cpp">
      <Filter>Source Files\isdbt-tsparser</Filter>
    </ClCompile>
    <ClCompile Include="..\..\..\src\isdbt-dataproc\DsmccTimeBaseClock.cpp">
      <Filter>Source Files\isdbt-dataproc</Filter>
    </ClCompile>
    <ClCompile Include="..\..\..\src\isdbt-dataproc\EPGProcessor.cpp">
      <Filter>Source Files\isdbt-dataproc</Filter>
    </ClCompile>
    <ClCompile Include="..\..\..\src\isdbt-dataproc\FilterManager.cpp">
      <Filter>Source Files\isdbt-dataproc</Filter>
    </ClCompile>
    <ClCompile Include="..\..\..\src\isdbt-dataproc\NCLDataFile.cpp">
      <Filter>Source Files\isdbt-dataproc</Filter>
    </ClCompile>
    <ClCompile Include="..\..\..\src\isdbt-dataproc\NCLEventDescriptor.cpp">
      <Filter>Source Files\isdbt-dataproc</Filter>
    </ClCompile>
    <ClCompile Include="..\..\..\src\isdbt-dataproc\NCLMetadata.cpp">
      <Filter>Source Files\isdbt-dataproc</Filter>
    </ClCompile>
    <ClCompile Include="..\..\..\src\isdbt-dataproc\NCLMetadataParser.cpp">
      <Filter>Source Files\isdbt-dataproc</Filter>
    </ClCompile>
    <ClCompile Include="..\..\..\src\isdbt-dataproc\NCLSectionProcessor.cpp">
      <Filter>Source Files\isdbt-dataproc</Filter>
    </ClCompile>
    <ClCompile Include="..\..\..\src\isdbt-dataproc\SectionFilter.cpp">
      <Filter>Source Files\isdbt-dataproc</Filter>
    </ClCompile>
    <ClCompile Include="..\..\..\src\isdbt-dataproc\DataProcessor.cpp">
      <Filter>Source Files\isdbt-dataproc</Filter>
    </ClCompile>
    <ClCompile Include="..\..\..\src\isdbt-dataproc\DsmccBinding.cpp">
      <Filter>Source Files\isdbt-dataproc</Filter>
    </ClCompile>
    <ClCompile Include="..\..\..\src\isdbt-dataproc\DsmccBiop.cpp">
      <Filter>Source Files\isdbt-dataproc</Filter>
    </ClCompile>
    <ClCompile Include="..\..\..\src\isdbt-dataproc\DsmccCrc.cpp">
      <Filter>Source Files\isdbt-dataproc</Filter>
    </ClCompile>
    <ClCompile Include="..\..\..\src\isdbt-dataproc\DsmccDownloadDataBlock.cpp">
      <Filter>Source Files\isdbt-dataproc</Filter>
    </ClCompile>
    <ClCompile Include="..\..\..\src\isdbt-dataproc\DsmccDownloadInfoIndication.cpp">
      <Filter>Source Files\isdbt-dataproc</Filter>
    </ClCompile>
    <ClCompile Include="..\..\..\src\isdbt-dataproc\DsmccDownloadServerInitiate.cpp">
      <Filter>Source Files\isdbt-dataproc</Filter>
    </ClCompile>
    <ClCompile Include="..\..\..\src\isdbt-dataproc\DsmccIor.cpp">
      <Filter>Source Files\isdbt-dataproc</Filter>
    </ClCompile>
    <ClCompile Include="..\..\..\src\isdbt-dataproc\DsmccMessageHeader.cpp">
      <Filter>Source Files\isdbt-dataproc</Filter>
    </ClCompile>
    <ClCompile Include="..\..\..\src\isdbt-dataproc\DsmccMessageProcessor.cpp">
      <Filter>Source Files\isdbt-dataproc</Filter>
    </ClCompile>
    <ClCompile Include="..\..\..\src\isdbt-dataproc\DsmccModule.cpp">
      <Filter>Source Files\isdbt-dataproc</Filter>
    </ClCompile>
    <ClCompile Include="..\..\..\src\isdbt-dataproc\DsmccMpegDescriptor.cpp">
      <Filter>Source Files\isdbt-dataproc</Filter>
    </ClCompile>
    <ClCompile Include="..\..\..\src\isdbt-dataproc\DsmccNPTEndpoint.cpp">
      <Filter>Source Files\isdbt-dataproc</Filter>
    </ClCompile>
    <ClCompile Include="..\..\..\src\isdbt-dataproc\DsmccNPTProcessor.cpp">
      <Filter>Source Files\isdbt-dataproc</Filter>
    </ClCompile>
    <ClCompile Include="..\..\..\src\isdbt-dataproc\DsmccNPTReference.cpp">
      <Filter>Source Files\isdbt-dataproc</Filter>
    </ClCompile>
    <ClCompile Include="..\..\..\src\isdbt-dataproc\DsmccObject.cpp">
      <Filter>Source Files\isdbt-dataproc</Filter>
    </ClCompile>
    <ClCompile Include="..\..\..\src\isdbt-dataproc\DsmccObjectProcessor.cpp">
      <Filter>Source Files\isdbt-dataproc</Filter>
    </ClCompile>
    <ClCompile Include="..\..\..\src\isdbt-dataproc\DsmccSectionPayload.cpp">
      <Filter>Source Files\isdbt-dataproc</Filter>
    </ClCompile>
    <ClCompile Include="..\..\..\src\isdbt-dataproc\DsmccServiceDomain.cpp">
      <Filter>Source Files\isdbt-dataproc</Filter>
    </ClCompile>
    <ClCompile Include="..\..\..\src\isdbt-dataproc\DsmccStreamEvent.cpp">
      <Filter>Source Files\isdbt-dataproc</Filter>
    </ClCompile>
    <ClCompile Include="..\..\..\src\isdbt-dataproc\DsmccStreamMode.cpp">
      <Filter>Source Files\isdbt-dataproc</Filter>
    </ClCompile>
    <ClCompile Include="..\..\..\src\lssm\StcWrapper.cpp">
      <Filter>Source Files\lssm</Filter>
    </ClCompile>
    <ClCompile Include="..\..\..\src\lssm\DataWrapperListener.cpp">
      <Filter>Source Files\lssm</Filter>
    </ClCompile>
    <ClCompile Include="..\..\..\src\mb\SDL2ffmpeg.cpp">
      <Filter>Source Files\mb</Filter>
    </ClCompile>
    <ClCompile Include="..\..\..\src\mb\SDLBpgDecoder.cpp">
      <Filter>Source Files\mb</Filter>
    </ClCompile>
    <ClCompile Include="..\..\..\src\mb\SDLConvert.cpp">
      <Filter>Source Files\mb</Filter>
    </ClCompile>
    <ClCompile Include="..\..\..\src\mb\SDLSurface.cpp">
      <Filter>Source Files\mb</Filter>
    </ClCompile>
    <ClCompile Include="..\..\..\src\mb\SDLWindow.cpp">
      <Filter>Source Files\mb</Filter>
    </ClCompile>
    <ClCompile Include="..\..\..\src\mb\VideoProvider.cpp">
      <Filter>Source Files\mb</Filter>
    </ClCompile>
    <ClCompile Include="..\..\..\src\mb\AudioProvider.cpp">
      <Filter>Source Files\mb</Filter>
    </ClCompile>
    <ClCompile Include="..\..\..\src\mb\Display.cpp">
      <Filter>Source Files\mb</Filter>
    </ClCompile>
    <ClCompile Include="..\..\..\src\mb\EventBuffer.cpp">
      <Filter>Source Files\mb</Filter>
    </ClCompile>
    <ClCompile Include="..\..\..\src\mb\InputEvent.cpp">
      <Filter>Source Files\mb</Filter>
    </ClCompile>
    <ClCompile Include="..\..\..\src\mb\InputManager.cpp">
      <Filter>Source Files\mb</Filter>
    </ClCompile>
    <ClCompile Include="..\..\..\src\mb\Key.cpp">
      <Filter>Source Files\mb</Filter>
    </ClCompile>
    <ClCompile Include="..\..\..\src\formatter\NclLinkAttributeAssessment.cpp">
      <Filter>Source Files\formatter</Filter>
    </ClCompile>
    <ClCompile Include="..\..\..\src\formatter\NclLinkCompoundAction.cpp">
      <Filter>Source Files\formatter</Filter>
    </ClCompile>
    <ClCompile Include="..\..\..\src\formatter\NclLinkCompoundStatement.cpp">
      <Filter>Source Files\formatter</Filter>
    </ClCompile>
    <ClCompile Include="..\..\..\src\formatter\NclLinkCompoundTriggerCondition.cpp">
      <Filter>Source Files\formatter</Filter>
    </ClCompile>
    <ClCompile Include="..\..\..\src\formatter\NclLinkRepeatAction.cpp">
      <Filter>Source Files\formatter</Filter>
    </ClCompile>
    <ClCompile Include="..\..\..\src\formatter\NclLinkSimpleAction.cpp">
      <Filter>Source Files\formatter</Filter>
    </ClCompile>
    <ClCompile Include="..\..\..\src\formatter\NclLinkTransitionTriggerCondition.cpp">
      <Filter>Source Files\formatter</Filter>
    </ClCompile>
    <ClCompile Include="..\..\..\src\formatter\NclLinkTriggerCondition.cpp">
      <Filter>Source Files\formatter</Filter>
    </ClCompile>
    <ClCompile Include="..\..\..\src\formatter\NclLinkValueAssessment.cpp">
      <Filter>Source Files\formatter</Filter>
    </ClCompile>
    <ClCompile Include="..\..\..\src\formatter\NclNodeNesting.cpp">
      <Filter>Source Files\formatter</Filter>
    </ClCompile>
    <ClCompile Include="..\..\..\src\formatter\NclPresentationEvent.cpp">
      <Filter>Source Files\formatter</Filter>
    </ClCompile>
    <ClCompile Include="..\..\..\src\formatter\NclSelectionEvent.cpp">
      <Filter>Source Files\formatter</Filter>
    </ClCompile>
    <ClCompile Include="..\..\..\src\formatter\NclSwitchEvent.cpp">
      <Filter>Source Files\formatter</Filter>
    </ClCompile>
    <ClCompile Include="..\..\..\src\formatter\NominalEventMonitor.cpp">
      <Filter>Source Files\formatter</Filter>
    </ClCompile>
    <ClCompile Include="..\..\..\src\formatter\PrefetchManager.cpp">
      <Filter>Source Files\formatter</Filter>
    </ClCompile>
    <ClCompile Include="..\..\..\src\formatter\PresentationContext.cpp">
      <Filter>Source Files\formatter</Filter>
    </ClCompile>
    <ClCompile Include="..\..\..\src\formatter\PrivateBaseContext.cpp">
      <Filter>Source Files\formatter</Filter>
    </ClCompile>
    <ClCompile Include="..\..\..\src\formatter\PrivateBaseManager.cpp">
      <Filter>Source Files\formatter</Filter>
    </ClCompile>
    <ClCompile Include="..\..\..\src\formatter\RuleAdapter.cpp">
      <Filter>Source Files\formatter</Filter>
    </ClCompile>
    <ClCompile Include="..\..\..\src\formatter\AdapterApplicationPlayer.cpp">
      <Filter>Source Files\formatter</Filter>
    </ClCompile>
    <ClCompile Include="..\..\..\src\formatter\AdapterAVPlayer.cpp">
      <Filter>Source Files\formatter</Filter>
    </ClCompile>
    <ClCompile Include="..\..\..\src\formatter\AdapterBerkeliumPlayer.cpp">
      <Filter>Source Files\formatter</Filter>
    </ClCompile>
    <ClCompile Include="..\..\..\src\formatter\AdapterChannelPlayer.cpp">
      <Filter>Source Files\formatter</Filter>
    </ClCompile>
    <ClCompile Include="..\..\..\src\formatter\AdapterFormatterPlayer.cpp">
      <Filter>Source Files\formatter</Filter>
    </ClCompile>
    <ClCompile Include="..\..\..\src\formatter\AdapterImagePlayer.cpp">
      <Filter>Source Files\formatter</Filter>
    </ClCompile>
    <ClCompile Include="..\..\..\src\formatter\AdapterLuaPlayer.cpp">
      <Filter>Source Files\formatter</Filter>
    </ClCompile>
    <ClCompile Include="..\..\..\src\formatter\AdapterMirrorPlayer.cpp">
      <Filter>Source Files\formatter</Filter>
    </ClCompile>
    <ClCompile Include="..\..\..\src\formatter\AdapterNCLPlayer.cpp">
      <Filter>Source Files\formatter</Filter>
    </ClCompile>
    <ClCompile Include="..\..\..\src\formatter\AdapterNewVideoPlayer.cpp">
      <Filter>Source Files\formatter</Filter>
    </ClCompile>
    <ClCompile Include="..\..\..\src\formatter\AdapterPlayerManager.cpp">
      <Filter>Source Files\formatter</Filter>
    </ClCompile>
    <ClCompile Include="..\..\..\src\formatter\AdapterProgramAVPlayer.cpp">
      <Filter>Source Files\formatter</Filter>
    </ClCompile>
    <ClCompile Include="..\..\..\src\formatter\AdapterSsmlPlayer.cpp">
      <Filter>Source Files\formatter</Filter>
    </ClCompile>
    <ClCompile Include="..\..\..\src\formatter\AdapterSvgPlayer.cpp">
      <Filter>Source Files\formatter</Filter>
    </ClCompile>
    <ClCompile Include="..\..\..\src\formatter\AdapterTextPlayer.cpp">
      <Filter>Source Files\formatter</Filter>
    </ClCompile>
    <ClCompile Include="..\..\..\src\formatter\AnimationController.cpp">
      <Filter>Source Files\formatter</Filter>
    </ClCompile>
    <ClCompile Include="..\..\..\src\formatter\FormatterActiveDevice.cpp">
      <Filter>Source Files\formatter</Filter>
    </ClCompile>
    <ClCompile Include="..\..\..\src\formatter\FormatterBaseDevice.cpp">
      <Filter>Source Files\formatter</Filter>
    </ClCompile>
    <ClCompile Include="..\..\..\src\formatter\FormatterConverter.cpp">
      <Filter>Source Files\formatter</Filter>
    </ClCompile>
    <ClCompile Include="..\..\..\src\formatter\FormatterFocusManager.cpp">
      <Filter>Source Files\formatter</Filter>
    </ClCompile>
    <ClCompile Include="..\..\..\src\formatter\FormatterLinkConverter.cpp">
      <Filter>Source Files\formatter</Filter>
    </ClCompile>
    <ClCompile Include="..\..\..\src\formatter\FormatterMediator.cpp">
      <Filter>Source Files\formatter</Filter>
    </ClCompile>
    <ClCompile Include="..\..\..\src\formatter\FormatterMultiDevice.cpp">
      <Filter>Source Files\formatter</Filter>
    </ClCompile>
    <ClCompile Include="..\..\..\src\formatter\FormatterScheduler.cpp">
      <Filter>Source Files\formatter</Filter>
    </ClCompile>
    <ClCompile Include="..\..\..\src\formatter\NclAnchorEvent.cpp">
      <Filter>Source Files\formatter</Filter>
    </ClCompile>
    <ClCompile Include="..\..\..\src\formatter\NclApplicationExecutionObject.cpp">
      <Filter>Source Files\formatter</Filter>
    </ClCompile>
    <ClCompile Include="..\..\..\src\formatter\NclAttributionEvent.cpp">
      <Filter>Source Files\formatter</Filter>
    </ClCompile>
    <ClCompile Include="..\..\..\src\formatter\NclBeginEventTransition.cpp">
      <Filter>Source Files\formatter</Filter>
    </ClCompile>
    <ClCompile Include="..\..\..\src\formatter\NclCascadingDescriptor.cpp">
      <Filter>Source Files\formatter</Filter>
    </ClCompile>
    <ClCompile Include="..\..\..\src\formatter\NclCompositeExecutionObject.cpp">
      <Filter>Source Files\formatter</Filter>
    </ClCompile>
    <ClCompile Include="..\..\..\src\formatter\NclCostFunctionDuration.cpp">
      <Filter>Source Files\formatter</Filter>
    </ClCompile>
    <ClCompile Include="..\..\..\src\formatter\NclEndEventTransition.cpp">
      <Filter>Source Files\formatter</Filter>
    </ClCompile>
    <ClCompile Include="..\..\..\src\formatter\NclEventTransition.cpp">
      <Filter>Source Files\formatter</Filter>
    </ClCompile>
    <ClCompile Include="..\..\..\src\formatter\NclEventTransitionManager.cpp">
      <Filter>Source Files\formatter</Filter>
    </ClCompile>
    <ClCompile Include="..\..\..\src\formatter\NclExecutionObject.cpp">
      <Filter>Source Files\formatter</Filter>
    </ClCompile>
    <ClCompile Include="..\..\..\src\formatter\NclExecutionObjectSwitch.cpp">
      <Filter>Source Files\formatter</Filter>
    </ClCompile>
    <ClCompile Include="..\..\..\src\formatter\NclFocusSourceManager.cpp">
      <Filter>Source Files\formatter</Filter>
    </ClCompile>
    <ClCompile Include="..\..\..\src\formatter\NclFormatterCausalLink.cpp">
      <Filter>Source Files\formatter</Filter>
    </ClCompile>
    <ClCompile Include="..\..\..\src\formatter\NclFormatterDeviceRegion.cpp">
      <Filter>Source Files\formatter</Filter>
    </ClCompile>
    <ClCompile Include="..\..\..\src\formatter\NclFormatterEvent.cpp">
      <Filter>Source Files\formatter</Filter>
    </ClCompile>
    <ClCompile Include="..\..\..\src\formatter\NclFormatterLayout.cpp">
      <Filter>Source Files\formatter</Filter>
    </ClCompile>
    <ClCompile Include="..\..\..\src\formatter\NclFormatterLink.cpp">
      <Filter>Source Files\formatter</Filter>
    </ClCompile>
    <ClCompile Include="..\..\..\src\formatter\NclFormatterRegion.cpp">
      <Filter>Source Files\formatter</Filter>
    </ClCompile>
    <ClCompile Include="..\..\..\src\formatter\NclLinkAction.cpp">
      <Filter>Source Files\formatter</Filter>
    </ClCompile>
    <ClCompile Include="..\..\..\src\formatter\NclLinkAndCompoundTriggerCondition.cpp">
      <Filter>Source Files\formatter</Filter>
    </ClCompile>
    <ClCompile Include="..\..\..\src\formatter\NclLinkAssessmentStatement.cpp">
      <Filter>Source Files\formatter</Filter>
    </ClCompile>
    <ClCompile Include="..\..\..\src\formatter\NclLinkAssignmentAction.cpp">
      <Filter>Source Files\formatter</Filter>
    </ClCompile>
    <ClCompile Include="..\..\..\src\player\NewVideoPlayer.cpp">
      <Filter>Source Files\player</Filter>
    </ClCompile>
    <ClCompile Include="..\..\..\src\player\Player.cpp">
      <Filter>Source Files\player</Filter>
    </ClCompile>
    <ClCompile Include="..\..\..\src\player\ProgramAV.cpp">
      <Filter>Source Files\player</Filter>
    </ClCompile>
    <ClCompile Include="..\..\..\src\player\ShowButton.cpp">
      <Filter>Source Files\player</Filter>
    </ClCompile>
    <ClCompile Include="..\..\..\src\player\SsmlPlayer.cpp">
      <Filter>Source Files\player</Filter>
    </ClCompile>
    <ClCompile Include="..\..\..\src\player\SvgPlayer.cpp">
      <Filter>Source Files\player</Filter>
    </ClCompile>
    <ClCompile Include="..\..\..\src\player\TextPlayer.cpp">
      <Filter>Source Files\player</Filter>
    </ClCompile>
    <ClCompile Include="..\..\..\src\player\AVPlayer.cpp">
      <Filter>Source Files\player</Filter>
    </ClCompile>
    <ClCompile Include="..\..\..\src\player\BerkeliumHandler.cpp">
      <Filter>Source Files\player</Filter>
    </ClCompile>
    <ClCompile Include="..\..\..\src\player\BerkeliumPlayer.cpp">
      <Filter>Source Files\player</Filter>
    </ClCompile>
    <ClCompile Include="..\..\..\src\player\ChannelPlayer.cpp">
      <Filter>Source Files\player</Filter>
    </ClCompile>
    <ClCompile Include="..\..\..\src\player\ImagePlayer.cpp">
      <Filter>Source Files\player</Filter>
    </ClCompile>
    <ClCompile Include="..\..\..\src\player\LuaPlayer.cpp">
      <Filter>Source Files\player</Filter>
    </ClCompile>
    <ClCompile Include="..\..\..\src\util\functions.cpp">
      <Filter>Source Files\util</Filter>
    </ClCompile>
    <ClCompile Include="..\..\..\src\util\Base64.cpp">
      <Filter>Source Files\util</Filter>
    </ClCompile>
  </ItemGroup>
  <ItemGroup>
    <ClInclude Include="..\..\..\src\ctxmgmt\GingaUser.h">
      <Filter>Header Files\ctxmgmt</Filter>
    </ClInclude>
    <ClInclude Include="..\..\..\src\ctxmgmt\IContextListener.h">
      <Filter>Header Files\ctxmgmt</Filter>
    </ClInclude>
    <ClInclude Include="..\..\..\src\ctxmgmt\SystemInfo.h">
      <Filter>Header Files\ctxmgmt</Filter>
    </ClInclude>
    <ClInclude Include="..\..\..\src\ctxmgmt\ContextManager.h">
      <Filter>Header Files\ctxmgmt</Filter>
    </ClInclude>
    <ClInclude Include="..\..\..\src\ic\InteractiveChannelManager.h">
      <Filter>Header Files\ic</Filter>
    </ClInclude>
    <ClInclude Include="..\..\..\src\ic\CurlInteractiveChannel.h">
      <Filter>Header Files\ic</Filter>
    </ClInclude>
    <ClInclude Include="..\..\..\src\ic\IInteractiveChannelListener.h">
      <Filter>Header Files\ic</Filter>
    </ClInclude>
    <ClInclude Include="..\..\..\src\isdbt-dataproc\DsmccMessageProcessor.h">
      <Filter>Header Files\isdbt-dataproc</Filter>
    </ClInclude>
    <ClInclude Include="..\..\..\src\isdbt-dataproc\DsmccModule.h">
      <Filter>Header Files\isdbt-dataproc</Filter>
    </ClInclude>
    <ClInclude Include="..\..\..\src\isdbt-dataproc\DsmccMpegDescriptor.h">
      <Filter>Header Files\isdbt-dataproc</Filter>
    </ClInclude>
    <ClInclude Include="..\..\..\src\isdbt-dataproc\DsmccNPTEndpoint.h">
      <Filter>Header Files\isdbt-dataproc</Filter>
    </ClInclude>
    <ClInclude Include="..\..\..\src\isdbt-dataproc\DsmccNPTProcessor.h">
      <Filter>Header Files\isdbt-dataproc</Filter>
    </ClInclude>
    <ClInclude Include="..\..\..\src\isdbt-dataproc\DsmccNPTReference.h">
      <Filter>Header Files\isdbt-dataproc</Filter>
    </ClInclude>
    <ClInclude Include="..\..\..\src\isdbt-dataproc\DsmccObject.h">
      <Filter>Header Files\isdbt-dataproc</Filter>
    </ClInclude>
    <ClInclude Include="..\..\..\src\isdbt-dataproc\DsmccObjectProcessor.h">
      <Filter>Header Files\isdbt-dataproc</Filter>
    </ClInclude>
    <ClInclude Include="..\..\..\src\isdbt-dataproc\DsmccSectionPayload.h">
      <Filter>Header Files\isdbt-dataproc</Filter>
    </ClInclude>
    <ClInclude Include="..\..\..\src\isdbt-dataproc\DsmccServiceDomain.h">
      <Filter>Header Files\isdbt-dataproc</Filter>
    </ClInclude>
    <ClInclude Include="..\..\..\src\isdbt-dataproc\DsmccStreamEvent.h">
      <Filter>Header Files\isdbt-dataproc</Filter>
    </ClInclude>
    <ClInclude Include="..\..\..\src\isdbt-dataproc\DsmccStreamMode.h">
      <Filter>Header Files\isdbt-dataproc</Filter>
    </ClInclude>
    <ClInclude Include="..\..\..\src\isdbt-dataproc\DsmccTimeBaseClock.h">
      <Filter>Header Files\isdbt-dataproc</Filter>
    </ClInclude>
    <ClInclude Include="..\..\..\src\isdbt-dataproc\EPGProcessor.h">
      <Filter>Header Files\isdbt-dataproc</Filter>
    </ClInclude>
    <ClInclude Include="..\..\..\src\isdbt-dataproc\FilterManager.h">
      <Filter>Header Files\isdbt-dataproc</Filter>
    </ClInclude>
    <ClInclude Include="..\..\..\src\isdbt-dataproc\IDsmccObjectListener.h">
      <Filter>Header Files\isdbt-dataproc</Filter>
    </ClInclude>
    <ClInclude Include="..\..\..\src\isdbt-dataproc\IDsmccServiceDomainListener.h">
      <Filter>Header Files\isdbt-dataproc</Filter>
    </ClInclude>
    <ClInclude Include="..\..\..\src\isdbt-dataproc\IDsmccStreamEventListener.h">
      <Filter>Header Files\isdbt-dataproc</Filter>
    </ClInclude>
    <ClInclude Include="..\..\..\src\isdbt-dataproc\IEPGListener.h">
      <Filter>Header Files\isdbt-dataproc</Filter>
    </ClInclude>
    <ClInclude Include="..\..\..\src\isdbt-dataproc\INCLDataFile.h">
      <Filter>Header Files\isdbt-dataproc</Filter>
    </ClInclude>
    <ClInclude Include="..\..\..\src\isdbt-dataproc\INCLMetadata.h">
      <Filter>Header Files\isdbt-dataproc</Filter>
    </ClInclude>
    <ClInclude Include="..\..\..\src\isdbt-dataproc\INCLSectionProcessor.h">
      <Filter>Header Files\isdbt-dataproc</Filter>
    </ClInclude>
    <ClInclude Include="..\..\..\src\isdbt-dataproc\INCLStructure.h">
      <Filter>Header Files\isdbt-dataproc</Filter>
    </ClInclude>
    <ClInclude Include="..\..\..\src\isdbt-dataproc\NCLDataFile.h">
      <Filter>Header Files\isdbt-dataproc</Filter>
    </ClInclude>
    <ClInclude Include="..\..\..\src\isdbt-dataproc\NCLEventDescriptor.h">
      <Filter>Header Files\isdbt-dataproc</Filter>
    </ClInclude>
    <ClInclude Include="..\..\..\src\isdbt-dataproc\NCLMetadata.h">
      <Filter>Header Files\isdbt-dataproc</Filter>
    </ClInclude>
    <ClInclude Include="..\..\..\src\isdbt-dataproc\NCLMetadataParser.h">
      <Filter>Header Files\isdbt-dataproc</Filter>
    </ClInclude>
    <ClInclude Include="..\..\..\src\isdbt-dataproc\NCLSectionProcessor.h">
      <Filter>Header Files\isdbt-dataproc</Filter>
    </ClInclude>
    <ClInclude Include="..\..\..\src\isdbt-dataproc\SectionFilter.h">
      <Filter>Header Files\isdbt-dataproc</Filter>
    </ClInclude>
    <ClInclude Include="..\..\..\src\isdbt-dataproc\DataProcessor.h">
      <Filter>Header Files\isdbt-dataproc</Filter>
    </ClInclude>
    <ClInclude Include="..\..\..\src\isdbt-dataproc\DsmccBinding.h">
      <Filter>Header Files\isdbt-dataproc</Filter>
    </ClInclude>
    <ClInclude Include="..\..\..\src\isdbt-dataproc\DsmccBiop.h">
      <Filter>Header Files\isdbt-dataproc</Filter>
    </ClInclude>
    <ClInclude Include="..\..\..\src\isdbt-dataproc\DsmccCrc.h">
      <Filter>Header Files\isdbt-dataproc</Filter>
    </ClInclude>
    <ClInclude Include="..\..\..\src\isdbt-dataproc\DsmccDownloadDataBlock.h">
      <Filter>Header Files\isdbt-dataproc</Filter>
    </ClInclude>
    <ClInclude Include="..\..\..\src\isdbt-dataproc\DsmccDownloadInfoIndication.h">
      <Filter>Header Files\isdbt-dataproc</Filter>
    </ClInclude>
    <ClInclude Include="..\..\..\src\isdbt-dataproc\DsmccDownloadServerInitiate.h">
      <Filter>Header Files\isdbt-dataproc</Filter>
    </ClInclude>
    <ClInclude Include="..\..\..\src\isdbt-dataproc\DsmccIor.h">
      <Filter>Header Files\isdbt-dataproc</Filter>
    </ClInclude>
    <ClInclude Include="..\..\..\src\isdbt-dataproc\DsmccMessageHeader.h">
      <Filter>Header Files\isdbt-dataproc</Filter>
    </ClInclude>
    <ClInclude Include="..\..\..\src\isdbt-tsparser\DataContentDescriptor.h">
      <Filter>Header Files\isdbt-tsparser</Filter>
    </ClInclude>
    <ClInclude Include="..\..\..\src\isdbt-tsparser\Demuxer.h">
      <Filter>Header Files\isdbt-tsparser</Filter>
    </ClInclude>
    <ClInclude Include="..\..\..\src\isdbt-tsparser\DigitalCCDescriptor.h">
      <Filter>Header Files\isdbt-tsparser</Filter>
    </ClInclude>
    <ClInclude Include="..\..\..\src\isdbt-tsparser\EventInfo.h">
      <Filter>Header Files\isdbt-tsparser</Filter>
    </ClInclude>
    <ClInclude Include="..\..\..\src\isdbt-tsparser\ExtendedEventDescriptor.h">
      <Filter>Header Files\isdbt-tsparser</Filter>
    </ClInclude>
    <ClInclude Include="..\..\..\src\isdbt-tsparser\FrontendFilter.h">
      <Filter>Header Files\isdbt-tsparser</Filter>
    </ClInclude>
    <ClInclude Include="..\..\..\src\isdbt-tsparser\IAIT.h">
      <Filter>Header Files\isdbt-tsparser</Filter>
    </ClInclude>
    <ClInclude Include="..\..\..\src\isdbt-tsparser\IApplication.h">
      <Filter>Header Files\isdbt-tsparser</Filter>
    </ClInclude>
    <ClInclude Include="..\..\..\src\isdbt-tsparser\IDemuxer.h">
      <Filter>Header Files\isdbt-tsparser</Filter>
    </ClInclude>
    <ClInclude Include="..\..\..\src\isdbt-tsparser\IEventInfo.h">
      <Filter>Header Files\isdbt-tsparser</Filter>
    </ClInclude>
    <ClInclude Include="..\..\..\src\isdbt-tsparser\IExtendedEventDescriptor.h">
      <Filter>Header Files\isdbt-tsparser</Filter>
    </ClInclude>
    <ClInclude Include="..\..\..\src\isdbt-tsparser\IFilterListener.h">
      <Filter>Header Files\isdbt-tsparser</Filter>
    </ClInclude>
    <ClInclude Include="..\..\..\src\isdbt-tsparser\ILogoTransmissionDescriptor.h">
      <Filter>Header Files\isdbt-tsparser</Filter>
    </ClInclude>
    <ClInclude Include="..\..\..\src\isdbt-tsparser\IMpegDescriptor.h">
      <Filter>Header Files\isdbt-tsparser</Filter>
    </ClInclude>
    <ClInclude Include="..\..\..\src\isdbt-tsparser\IParentalRatingDescriptor.h">
      <Filter>Header Files\isdbt-tsparser</Filter>
    </ClInclude>
    <ClInclude Include="..\..\..\src\isdbt-tsparser\IServiceDescriptor.h">
      <Filter>Header Files\isdbt-tsparser</Filter>
    </ClInclude>
    <ClInclude Include="..\..\..\src\isdbt-tsparser\IServiceInfo.h">
      <Filter>Header Files\isdbt-tsparser</Filter>
    </ClInclude>
    <ClInclude Include="..\..\..\src\isdbt-tsparser\IShortEventDescriptor.h">
      <Filter>Header Files\isdbt-tsparser</Filter>
    </ClInclude>
    <ClInclude Include="..\..\..\src\isdbt-tsparser\ITOT.h">
      <Filter>Header Files\isdbt-tsparser</Filter>
    </ClInclude>
    <ClInclude Include="..\..\..\src\isdbt-tsparser\ITransportSection.h">
      <Filter>Header Files\isdbt-tsparser</Filter>
    </ClInclude>
    <ClInclude Include="..\..\..\src\isdbt-tsparser\ITSFilter.h">
      <Filter>Header Files\isdbt-tsparser</Filter>
    </ClInclude>
    <ClInclude Include="..\..\..\src\isdbt-tsparser\ITSPacket.h">
      <Filter>Header Files\isdbt-tsparser</Filter>
    </ClInclude>
    <ClInclude Include="..\..\..\src\isdbt-tsparser\LocalTimeOffsetDescriptor.h">
      <Filter>Header Files\isdbt-tsparser</Filter>
    </ClInclude>
    <ClInclude Include="..\..\..\src\isdbt-tsparser\LogoTransmissionDescriptor.h">
      <Filter>Header Files\isdbt-tsparser</Filter>
    </ClInclude>
    <ClInclude Include="..\..\..\src\isdbt-tsparser\ParentalRatingDescriptor.h">
      <Filter>Header Files\isdbt-tsparser</Filter>
    </ClInclude>
    <ClInclude Include="..\..\..\src\isdbt-tsparser\Pat.h">
      <Filter>Header Files\isdbt-tsparser</Filter>
    </ClInclude>
    <ClInclude Include="..\..\..\src\isdbt-tsparser\PesFilter.h">
      <Filter>Header Files\isdbt-tsparser</Filter>
    </ClInclude>
    <ClInclude Include="..\..\..\src\isdbt-tsparser\PipeFilter.h">
      <Filter>Header Files\isdbt-tsparser</Filter>
    </ClInclude>
    <ClInclude Include="..\..\..\src\isdbt-tsparser\Pmt.h">
      <Filter>Header Files\isdbt-tsparser</Filter>
    </ClInclude>
    <ClInclude Include="..\..\..\src\isdbt-tsparser\PrefetchDescriptor.h">
      <Filter>Header Files\isdbt-tsparser</Filter>
    </ClInclude>
    <ClInclude Include="..\..\..\src\isdbt-tsparser\PSIFilter.h">
      <Filter>Header Files\isdbt-tsparser</Filter>
    </ClInclude>
    <ClInclude Include="..\..\..\src\isdbt-tsparser\SeriesDescriptor.h">
      <Filter>Header Files\isdbt-tsparser</Filter>
    </ClInclude>
    <ClInclude Include="..\..\..\src\isdbt-tsparser\ServiceDescriptor.h">
      <Filter>Header Files\isdbt-tsparser</Filter>
    </ClInclude>
    <ClInclude Include="..\..\..\src\isdbt-tsparser\ServiceInfo.h">
      <Filter>Header Files\isdbt-tsparser</Filter>
    </ClInclude>
    <ClInclude Include="..\..\..\src\isdbt-tsparser\ShortEventDescriptor.h">
      <Filter>Header Files\isdbt-tsparser</Filter>
    </ClInclude>
    <ClInclude Include="..\..\..\src\isdbt-tsparser\StreamIdentifierDescriptor.h">
      <Filter>Header Files\isdbt-tsparser</Filter>
    </ClInclude>
    <ClInclude Include="..\..\..\src\isdbt-tsparser\TOT.h">
      <Filter>Header Files\isdbt-tsparser</Filter>
    </ClInclude>
    <ClInclude Include="..\..\..\src\isdbt-tsparser\TransportProtocolDescriptor.h">
      <Filter>Header Files\isdbt-tsparser</Filter>
    </ClInclude>
    <ClInclude Include="..\..\..\src\isdbt-tsparser\TransportSection.h">
      <Filter>Header Files\isdbt-tsparser</Filter>
    </ClInclude>
    <ClInclude Include="..\..\..\src\isdbt-tsparser\TSAdaptationField.h">
      <Filter>Header Files\isdbt-tsparser</Filter>
    </ClInclude>
    <ClInclude Include="..\..\..\src\isdbt-tsparser\TSPacket.h">
      <Filter>Header Files\isdbt-tsparser</Filter>
    </ClInclude>
    <ClInclude Include="..\..\..\src\isdbt-tsparser\AIT.h">
      <Filter>Header Files\isdbt-tsparser</Filter>
    </ClInclude>
    <ClInclude Include="..\..\..\src\isdbt-tsparser\Application.h">
      <Filter>Header Files\isdbt-tsparser</Filter>
    </ClInclude>
    <ClInclude Include="..\..\..\src\isdbt-tsparser\ApplicationDescriptor.h">
      <Filter>Header Files\isdbt-tsparser</Filter>
    </ClInclude>
    <ClInclude Include="..\..\..\src\isdbt-tsparser\ApplicationLocationDescriptor.h">
      <Filter>Header Files\isdbt-tsparser</Filter>
    </ClInclude>
    <ClInclude Include="..\..\..\src\isdbt-tsparser\ApplicationNameDescriptor.h">
      <Filter>Header Files\isdbt-tsparser</Filter>
    </ClInclude>
    <ClInclude Include="..\..\..\src\isdbt-tsparser\AudioComponentDescriptor.h">
      <Filter>Header Files\isdbt-tsparser</Filter>
    </ClInclude>
    <ClInclude Include="..\..\..\src\isdbt-tsparser\ComponentDescriptor.h">
      <Filter>Header Files\isdbt-tsparser</Filter>
    </ClInclude>
    <ClInclude Include="..\..\..\src\isdbt-tsparser\ContentAvailabilityDescriptor.h">
      <Filter>Header Files\isdbt-tsparser</Filter>
    </ClInclude>
    <ClInclude Include="..\..\..\src\isdbt-tsparser\ContentDescriptor.h">
      <Filter>Header Files\isdbt-tsparser</Filter>
    </ClInclude>
    <ClInclude Include="..\..\..\src\isdbt-tuner\ITunerListener.h">
      <Filter>Header Files\isdbt-tuner</Filter>
    </ClInclude>
    <ClInclude Include="..\..\..\src\isdbt-tuner\MulticastProvider.h">
      <Filter>Header Files\isdbt-tuner</Filter>
    </ClInclude>
    <ClInclude Include="..\..\..\src\isdbt-tuner\NetworkInterface.h">
      <Filter>Header Files\isdbt-tuner</Filter>
    </ClInclude>
    <ClInclude Include="..\..\..\src\isdbt-tuner\NetworkProvider.h">
      <Filter>Header Files\isdbt-tuner</Filter>
    </ClInclude>
    <ClInclude Include="..\..\..\src\isdbt-tuner\RingBuffer.h">
      <Filter>Header Files\isdbt-tuner</Filter>
    </ClInclude>
    <ClInclude Include="..\..\..\src\isdbt-tuner\Tuner.h">
      <Filter>Header Files\isdbt-tuner</Filter>
    </ClInclude>
    <ClInclude Include="..\..\..\src\isdbt-tuner\Channel.h">
      <Filter>Header Files\isdbt-tuner</Filter>
    </ClInclude>
    <ClInclude Include="..\..\..\src\isdbt-tuner\FileSystemProvider.h">
      <Filter>Header Files\isdbt-tuner</Filter>
    </ClInclude>
    <ClInclude Include="..\..\..\src\isdbt-tuner\IDataProvider.h">
      <Filter>Header Files\isdbt-tuner</Filter>
    </ClInclude>
    <ClInclude Include="..\..\..\src\isdbt-tuner\IFrontendFilter.h">
      <Filter>Header Files\isdbt-tuner</Filter>
    </ClInclude>
    <ClInclude Include="..\..\..\src\isdbt-tuner\IProviderListener.h">
      <Filter>Header Files\isdbt-tuner</Filter>
    </ClInclude>
    <ClInclude Include="..\..\..\src\isdbt-tuner\ISDBTFrontend.h">
      <Filter>Header Files\isdbt-tuner</Filter>
    </ClInclude>
    <ClInclude Include="..\..\..\src\isdbt-tuner\ISDBTProvider.h">
      <Filter>Header Files\isdbt-tuner</Filter>
    </ClInclude>
    <ClInclude Include="..\..\..\src\isdbt-tuner\ISTCProvider.h">
      <Filter>Header Files\isdbt-tuner</Filter>
    </ClInclude>
    <ClInclude Include="..\..\..\src\lssm\PresentationEngineManager.h">
      <Filter>Header Files\lssm</Filter>
    </ClInclude>
    <ClInclude Include="..\..\..\src\lssm\StcWrapper.h">
      <Filter>Header Files\lssm</Filter>
    </ClInclude>
    <ClInclude Include="..\..\..\src\lssm\CommonCoreManager.h">
      <Filter>Header Files\lssm</Filter>
    </ClInclude>
    <ClInclude Include="..\..\..\src\lssm\DataWrapperListener.h">
      <Filter>Header Files\lssm</Filter>
    </ClInclude>
    <ClInclude Include="..\..\..\src\multidev\DeviceDomain.h">
      <Filter>Header Files\multidev</Filter>
    </ClInclude>
    <ClInclude Include="..\..\..\src\multidev\DeviceService.h">
      <Filter>Header Files\multidev</Filter>
    </ClInclude>
    <ClInclude Include="..\..\..\src\multidev\IRemoteDeviceListener.h">
      <Filter>Header Files\multidev</Filter>
    </ClInclude>
    <ClInclude Include="..\..\..\src\multidev\ISocketService.h">
      <Filter>Header Files\multidev</Filter>
    </ClInclude>
    <ClInclude Include="..\..\..\src\multidev\MulticastSocketService.h">
      <Filter>Header Files\multidev</Filter>
    </ClInclude>
    <ClInclude Include="..\..\..\src\multidev\NetworkUtil.h">
      <Filter>Header Files\multidev</Filter>
    </ClInclude>
    <ClInclude Include="..\..\..\src\multidev\RemoteDevice.h">
      <Filter>Header Files\multidev</Filter>
    </ClInclude>
    <ClInclude Include="..\..\..\src\multidev\RemoteDeviceManager.h">
      <Filter>Header Files\multidev</Filter>
    </ClInclude>
    <ClInclude Include="..\..\..\src\multidev\RemoteEventService.h">
      <Filter>Header Files\multidev</Filter>
    </ClInclude>
    <ClInclude Include="..\..\..\src\multidev\TcpClientConnection.h">
      <Filter>Header Files\multidev</Filter>
    </ClInclude>
    <ClInclude Include="..\..\..\src\multidev\TcpSocketService.h">
      <Filter>Header Files\multidev</Filter>
    </ClInclude>
    <ClInclude Include="..\..\..\src\multidev\ActiveDeviceDomain.h">
      <Filter>Header Files\multidev</Filter>
    </ClInclude>
    <ClInclude Include="..\..\..\src\multidev\ActiveDeviceService.h">
      <Filter>Header Files\multidev</Filter>
    </ClInclude>
    <ClInclude Include="..\..\..\src\multidev\BaseDeviceDomain.h">
      <Filter>Header Files\multidev</Filter>
    </ClInclude>
    <ClInclude Include="..\..\..\src\multidev\BaseDeviceService.h">
      <Filter>Header Files\multidev</Filter>
    </ClInclude>
    <ClInclude Include="..\..\..\src\multidev\BroadcastDualSocketService.h">
      <Filter>Header Files\multidev</Filter>
    </ClInclude>
    <ClInclude Include="..\..\..\src\multidev\BroadcastSocketService.h">
      <Filter>Header Files\multidev</Filter>
    </ClInclude>
    <ClInclude Include="..\..\..\src\ncl\CausalConnector.h">
      <Filter>Header Files\ncl</Filter>
    </ClInclude>
    <ClInclude Include="..\..\..\src\ncl\CausalLink.h">
      <Filter>Header Files\ncl</Filter>
    </ClInclude>
    <ClInclude Include="..\..\..\src\ncl\Comparator.h">
      <Filter>Header Files\ncl</Filter>
    </ClInclude>
    <ClInclude Include="..\..\..\src\ncl\CompositeNode.h">
      <Filter>Header Files\ncl</Filter>
    </ClInclude>
    <ClInclude Include="..\..\..\src\ncl\CompositeRule.h">
      <Filter>Header Files\ncl</Filter>
    </ClInclude>
    <ClInclude Include="..\..\..\src\ncl\CompoundAction.h">
      <Filter>Header Files\ncl</Filter>
    </ClInclude>
    <ClInclude Include="..\..\..\src\ncl\CompoundCondition.h">
      <Filter>Header Files\ncl</Filter>
    </ClInclude>
    <ClInclude Include="..\..\..\src\ncl\CompoundStatement.h">
      <Filter>Header Files\ncl</Filter>
    </ClInclude>
    <ClInclude Include="..\..\..\src\ncl\ConditionExpression.h">
      <Filter>Header Files\ncl</Filter>
    </ClInclude>
    <ClInclude Include="..\..\..\src\ncl\Connector.h">
      <Filter>Header Files\ncl</Filter>
    </ClInclude>
    <ClInclude Include="..\..\..\src\ncl\ConnectorBase.h">
      <Filter>Header Files\ncl</Filter>
    </ClInclude>
    <ClInclude Include="..\..\..\src\ncl\Content.h">
      <Filter>Header Files\ncl</Filter>
    </ClInclude>
    <ClInclude Include="..\..\..\src\ncl\ContentAnchor.h">
      <Filter>Header Files\ncl</Filter>
    </ClInclude>
    <ClInclude Include="..\..\..\src\ncl\ContentNode.h">
      <Filter>Header Files\ncl</Filter>
    </ClInclude>
    <ClInclude Include="..\..\..\src\ncl\ContentTypeManager.h">
      <Filter>Header Files\ncl</Filter>
    </ClInclude>
    <ClInclude Include="..\..\..\src\ncl\ContextNode.h">
      <Filter>Header Files\ncl</Filter>
    </ClInclude>
    <ClInclude Include="..\..\..\src\ncl\Descriptor.h">
      <Filter>Header Files\ncl</Filter>
    </ClInclude>
    <ClInclude Include="..\..\..\src\ncl\DescriptorBase.h">
      <Filter>Header Files\ncl</Filter>
    </ClInclude>
    <ClInclude Include="..\..\..\src\ncl\DescriptorSwitch.h">
      <Filter>Header Files\ncl</Filter>
    </ClInclude>
    <ClInclude Include="..\..\..\src\ncl\DescriptorUtil.h">
      <Filter>Header Files\ncl</Filter>
    </ClInclude>
    <ClInclude Include="..\..\..\src\ncl\DeviceLayout.h">
      <Filter>Header Files\ncl</Filter>
    </ClInclude>
    <ClInclude Include="..\..\..\src\ncl\Entity.h">
      <Filter>Header Files\ncl</Filter>
    </ClInclude>
    <ClInclude Include="..\..\..\src\ncl\EventUtil.h">
      <Filter>Header Files\ncl</Filter>
    </ClInclude>
    <ClInclude Include="..\..\..\src\ncl\FocusDecoration.h">
      <Filter>Header Files\ncl</Filter>
    </ClInclude>
    <ClInclude Include="..\..\..\src\ncl\GenericDescriptor.h">
      <Filter>Header Files\ncl</Filter>
    </ClInclude>
    <ClInclude Include="..\..\..\src\ncl\InterfacePoint.h">
      <Filter>Header Files\ncl</Filter>
    </ClInclude>
    <ClInclude Include="..\..\..\src\ncl\IntervalAnchor.h">
      <Filter>Header Files\ncl</Filter>
    </ClInclude>
    <ClInclude Include="..\..\..\src\ncl\IPrivateBaseContext.h">
      <Filter>Header Files\ncl</Filter>
    </ClInclude>
    <ClInclude Include="..\..\..\src\ncl\KeyNavigation.h">
      <Filter>Header Files\ncl</Filter>
    </ClInclude>
    <ClInclude Include="..\..\..\src\ncl\LabeledAnchor.h">
      <Filter>Header Files\ncl</Filter>
    </ClInclude>
    <ClInclude Include="..\..\..\src\ncl\LambdaAnchor.h">
      <Filter>Header Files\ncl</Filter>
    </ClInclude>
    <ClInclude Include="..\..\..\src\ncl\LayoutRegion.h">
      <Filter>Header Files\ncl</Filter>
    </ClInclude>
    <ClInclude Include="..\..\..\src\ncl\Link.h">
      <Filter>Header Files\ncl</Filter>
    </ClInclude>
    <ClInclude Include="..\..\..\src\ncl\LinkComposition.h">
      <Filter>Header Files\ncl</Filter>
    </ClInclude>
    <ClInclude Include="..\..\..\src\ncl\Meta.h">
      <Filter>Header Files\ncl</Filter>
    </ClInclude>
    <ClInclude Include="..\..\..\src\ncl\Metadata.h">
      <Filter>Header Files\ncl</Filter>
    </ClInclude>
    <ClInclude Include="..\..\..\src\ncl\NclDocument.h">
      <Filter>Header Files\ncl</Filter>
    </ClInclude>
    <ClInclude Include="..\..\..\src\ncl\Node.h">
      <Filter>Header Files\ncl</Filter>
    </ClInclude>
    <ClInclude Include="..\..\..\src\ncl\NodeEntity.h">
      <Filter>Header Files\ncl</Filter>
    </ClInclude>
    <ClInclude Include="..\..\..\src\ncl\Parameter.h">
      <Filter>Header Files\ncl</Filter>
    </ClInclude>
    <ClInclude Include="..\..\..\src\ncl\Port.h">
      <Filter>Header Files\ncl</Filter>
    </ClInclude>
    <ClInclude Include="..\..\..\src\ncl\PrivateBase.h">
      <Filter>Header Files\ncl</Filter>
    </ClInclude>
    <ClInclude Include="..\..\..\src\ncl\PropertyAnchor.h">
      <Filter>Header Files\ncl</Filter>
    </ClInclude>
    <ClInclude Include="..\..\..\src\ncl\RectangleSpatialAnchor.h">
      <Filter>Header Files\ncl</Filter>
    </ClInclude>
    <ClInclude Include="..\..\..\src\ncl\ReferenceContent.h">
      <Filter>Header Files\ncl</Filter>
    </ClInclude>
    <ClInclude Include="..\..\..\src\ncl\ReferNode.h">
      <Filter>Header Files\ncl</Filter>
    </ClInclude>
    <ClInclude Include="..\..\..\src\ncl\ReferredNode.h">
      <Filter>Header Files\ncl</Filter>
    </ClInclude>
    <ClInclude Include="..\..\..\src\ncl\RegionBase.h">
      <Filter>Header Files\ncl</Filter>
    </ClInclude>
    <ClInclude Include="..\..\..\src\ncl\RelativeTimeIntervalAnchor.h">
      <Filter>Header Files\ncl</Filter>
    </ClInclude>
    <ClInclude Include="..\..\..\src\ncl\Role.h">
      <Filter>Header Files\ncl</Filter>
    </ClInclude>
    <ClInclude Include="..\..\..\src\ncl\Rule.h">
      <Filter>Header Files\ncl</Filter>
    </ClInclude>
    <ClInclude Include="..\..\..\src\ncl\RuleBase.h">
      <Filter>Header Files\ncl</Filter>
    </ClInclude>
    <ClInclude Include="..\..\..\src\ncl\SampleIntervalAnchor.h">
      <Filter>Header Files\ncl</Filter>
    </ClInclude>
    <ClInclude Include="..\..\..\src\ncl\SimpleAction.h">
      <Filter>Header Files\ncl</Filter>
    </ClInclude>
    <ClInclude Include="..\..\..\src\ncl\SimpleCondition.h">
      <Filter>Header Files\ncl</Filter>
    </ClInclude>
    <ClInclude Include="..\..\..\src\ncl\SimpleRule.h">
      <Filter>Header Files\ncl</Filter>
    </ClInclude>
    <ClInclude Include="..\..\..\src\ncl\SpatialAnchor.h">
      <Filter>Header Files\ncl</Filter>
    </ClInclude>
    <ClInclude Include="..\..\..\src\ncl\Statement.h">
      <Filter>Header Files\ncl</Filter>
    </ClInclude>
    <ClInclude Include="..\..\..\src\ncl\SwitchContent.h">
      <Filter>Header Files\ncl</Filter>
    </ClInclude>
    <ClInclude Include="..\..\..\src\ncl\SwitchNode.h">
      <Filter>Header Files\ncl</Filter>
    </ClInclude>
    <ClInclude Include="..\..\..\src\ncl\SwitchPort.h">
      <Filter>Header Files\ncl</Filter>
    </ClInclude>
    <ClInclude Include="..\..\..\src\ncl\TextAnchor.h">
      <Filter>Header Files\ncl</Filter>
    </ClInclude>
    <ClInclude Include="..\..\..\src\ncl\Transition.h">
      <Filter>Header Files\ncl</Filter>
    </ClInclude>
    <ClInclude Include="..\..\..\src\ncl\TransitionBase.h">
      <Filter>Header Files\ncl</Filter>
    </ClInclude>
    <ClInclude Include="..\..\..\src\ncl\TransitionUtil.h">
      <Filter>Header Files\ncl</Filter>
    </ClInclude>
    <ClInclude Include="..\..\..\src\ncl\TriggerExpression.h">
      <Filter>Header Files\ncl</Filter>
    </ClInclude>
    <ClInclude Include="..\..\..\src\ncl\ValueAssessment.h">
      <Filter>Header Files\ncl</Filter>
    </ClInclude>
    <ClInclude Include="..\..\..\src\ncl\AbsoluteReferenceContent.h">
      <Filter>Header Files\ncl</Filter>
    </ClInclude>
    <ClInclude Include="..\..\..\src\ncl\Action.h">
      <Filter>Header Files\ncl</Filter>
    </ClInclude>
    <ClInclude Include="..\..\..\src\ncl\Anchor.h">
      <Filter>Header Files\ncl</Filter>
    </ClInclude>
    <ClInclude Include="..\..\..\src\ncl\Animation.h">
      <Filter>Header Files\ncl</Filter>
    </ClInclude>
    <ClInclude Include="..\..\..\src\ncl\Assessment.h">
      <Filter>Header Files\ncl</Filter>
    </ClInclude>
    <ClInclude Include="..\..\..\src\ncl\AssessmentStatement.h">
      <Filter>Header Files\ncl</Filter>
    </ClInclude>
    <ClInclude Include="..\..\..\src\ncl\AttributeAssessment.h">
      <Filter>Header Files\ncl</Filter>
    </ClInclude>
    <ClInclude Include="..\..\..\src\ncl\Base.h">
      <Filter>Header Files\ncl</Filter>
    </ClInclude>
    <ClInclude Include="..\..\..\src\ncl\Bind.h">
      <Filter>Header Files\ncl</Filter>
    </ClInclude>
    <ClInclude Include="..\..\..\src\nclconv\NclConnectorsParser.h">
      <Filter>Header Files\nclconv</Filter>
    </ClInclude>
    <ClInclude Include="..\..\..\src\nclconv\NclDocumentConverter.h">
      <Filter>Header Files\nclconv</Filter>
    </ClInclude>
    <ClInclude Include="..\..\..\src\nclconv\NclDocumentParser.h">
      <Filter>Header Files\nclconv</Filter>
    </ClInclude>
    <ClInclude Include="..\..\..\src\nclconv\NclImportConverter.h">
      <Filter>Header Files\nclconv</Filter>
    </ClInclude>
    <ClInclude Include="..\..\..\src\nclconv\NclImportParser.h">
      <Filter>Header Files\nclconv</Filter>
    </ClInclude>
    <ClInclude Include="..\..\..\src\nclconv\NclInterfacesConverter.h">
      <Filter>Header Files\nclconv</Filter>
    </ClInclude>
    <ClInclude Include="..\..\..\src\nclconv\NclInterfacesParser.h">
      <Filter>Header Files\nclconv</Filter>
    </ClInclude>
    <ClInclude Include="..\..\..\src\nclconv\NclLayoutConverter.h">
      <Filter>Header Files\nclconv</Filter>
    </ClInclude>
    <ClInclude Include="..\..\..\src\nclconv\NclLayoutParser.h">
      <Filter>Header Files\nclconv</Filter>
    </ClInclude>
    <ClInclude Include="..\..\..\src\nclconv\NclLinkingConverter.h">
      <Filter>Header Files\nclconv</Filter>
    </ClInclude>
    <ClInclude Include="..\..\..\src\nclconv\NclLinkingParser.h">
      <Filter>Header Files\nclconv</Filter>
    </ClInclude>
    <ClInclude Include="..\..\..\src\nclconv\NclMetainformationConverter.h">
      <Filter>Header Files\nclconv</Filter>
    </ClInclude>
    <ClInclude Include="..\..\..\src\nclconv\NclMetainformationParser.h">
      <Filter>Header Files\nclconv</Filter>
    </ClInclude>
    <ClInclude Include="..\..\..\src\nclconv\NclPresentationControlConverter.h">
      <Filter>Header Files\nclconv</Filter>
    </ClInclude>
    <ClInclude Include="..\..\..\src\nclconv\NclPresentationControlParser.h">
      <Filter>Header Files\nclconv</Filter>
    </ClInclude>
    <ClInclude Include="..\..\..\src\nclconv\NclPresentationSpecConverter.h">
      <Filter>Header Files\nclconv</Filter>
    </ClInclude>
    <ClInclude Include="..\..\..\src\nclconv\NclPresentationSpecificationParser.h">
      <Filter>Header Files\nclconv</Filter>
    </ClInclude>
    <ClInclude Include="..\..\..\src\nclconv\NclStructureConverter.h">
      <Filter>Header Files\nclconv</Filter>
    </ClInclude>
    <ClInclude Include="..\..\..\src\nclconv\NclStructureParser.h">
      <Filter>Header Files\nclconv</Filter>
    </ClInclude>
    <ClInclude Include="..\..\..\src\nclconv\NclTransitionConverter.h">
      <Filter>Header Files\nclconv</Filter>
    </ClInclude>
    <ClInclude Include="..\..\..\src\nclconv\NclTransitionParser.h">
      <Filter>Header Files\nclconv</Filter>
    </ClInclude>
    <ClInclude Include="..\..\..\src\nclconv\XMLParsing.h">
      <Filter>Header Files\nclconv</Filter>
    </ClInclude>
    <ClInclude Include="..\..\..\src\nclconv\DocumentParser.h">
      <Filter>Header Files\nclconv</Filter>
    </ClInclude>
    <ClInclude Include="..\..\..\src\nclconv\DOMTreeErrorReporter.h">
      <Filter>Header Files\nclconv</Filter>
    </ClInclude>
    <ClInclude Include="..\..\..\src\nclconv\IDocumentConverter.h">
      <Filter>Header Files\nclconv</Filter>
    </ClInclude>
    <ClInclude Include="..\..\..\src\nclconv\ModuleParser.h">
      <Filter>Header Files\nclconv</Filter>
    </ClInclude>
    <ClInclude Include="..\..\..\src\nclconv\NclComponentsConverter.h">
      <Filter>Header Files\nclconv</Filter>
    </ClInclude>
    <ClInclude Include="..\..\..\src\nclconv\NclComponentsParser.h">
      <Filter>Header Files\nclconv</Filter>
    </ClInclude>
    <ClInclude Include="..\..\..\src\nclconv\NclConnectorsConverter.h">
      <Filter>Header Files\nclconv</Filter>
    </ClInclude>
    <ClInclude Include="..\..\..\src\system\SystemCompat.h">
      <Filter>Header Files\system</Filter>
    </ClInclude>
    <ClInclude Include="..\..\..\src\system\Thread.h">
      <Filter>Header Files\system</Filter>
    </ClInclude>
    <ClInclude Include="..\..\..\src\system\GingaLocatorFactory.h">
      <Filter>Header Files\system</Filter>
    </ClInclude>
    <ClInclude Include="..\..\..\src\system\ITimeBaseListener.h">
      <Filter>Header Files\system</Filter>
    </ClInclude>
    <ClInclude Include="..\..\..\src\system\ITimeBaseProvider.h">
      <Filter>Header Files\system</Filter>
    </ClInclude>
    <ClInclude Include="..\..\..\src\system\PracticalSocket.h">
      <Filter>Header Files\system</Filter>
    </ClInclude>
    <ClInclude Include="..\..\..\src\system\Stc.h">
      <Filter>Header Files\system</Filter>
    </ClInclude>
    <ClInclude Include="..\..\..\src\ginga.h">
      <Filter>Header Files</Filter>
    </ClInclude>
    <ClInclude Include="config.h">
      <Filter>Header Files</Filter>
    </ClInclude>
    <ClInclude Include="asprintf.h">
      <Filter>Header Files</Filter>
    </ClInclude>
    <ClInclude Include="..\..\..\src\mb\Key.h">
      <Filter>Header Files\mb</Filter>
    </ClInclude>
    <ClInclude Include="..\..\..\src\mb\SDL2ffmpeg.h">
      <Filter>Header Files\mb</Filter>
    </ClInclude>
    <ClInclude Include="..\..\..\src\mb\SDLBpgDecoder.h">
      <Filter>Header Files\mb</Filter>
    </ClInclude>
    <ClInclude Include="..\..\..\src\mb\SDLConvert.h">
      <Filter>Header Files\mb</Filter>
    </ClInclude>
    <ClInclude Include="..\..\..\src\mb\SDLSurface.h">
      <Filter>Header Files\mb</Filter>
    </ClInclude>
    <ClInclude Include="..\..\..\src\mb\SDLWindow.h">
      <Filter>Header Files\mb</Filter>
    </ClInclude>
    <ClInclude Include="..\..\..\src\mb\VideoProvider.h">
      <Filter>Header Files\mb</Filter>
    </ClInclude>
    <ClInclude Include="..\..\..\src\mb\AudioProvider.h">
      <Filter>Header Files\mb</Filter>
    </ClInclude>
    <ClInclude Include="..\..\..\src\mb\Display.h">
      <Filter>Header Files\mb</Filter>
    </ClInclude>
    <ClInclude Include="..\..\..\src\mb\EventBuffer.h">
      <Filter>Header Files\mb</Filter>
    </ClInclude>
    <ClInclude Include="..\..\..\src\mb\ICmdEventListener.h">
      <Filter>Header Files\mb</Filter>
    </ClInclude>
    <ClInclude Include="..\..\..\src\mb\IContinuousMediaProvider.h">
      <Filter>Header Files\mb</Filter>
    </ClInclude>
    <ClInclude Include="..\..\..\src\mb\IDiscreteMediaProvider.h">
      <Filter>Header Files\mb</Filter>
    </ClInclude>
    <ClInclude Include="..\..\..\src\mb\IInputEventListener.h">
      <Filter>Header Files\mb</Filter>
    </ClInclude>
    <ClInclude Include="..\..\..\src\mb\IMediaProvider.h">
      <Filter>Header Files\mb</Filter>
    </ClInclude>
    <ClInclude Include="..\..\..\src\mb\IMotionEventListener.h">
      <Filter>Header Files\mb</Filter>
    </ClInclude>
    <ClInclude Include="..\..\..\src\mb\InputEvent.h">
      <Filter>Header Files\mb</Filter>
    </ClInclude>
    <ClInclude Include="..\..\..\src\mb\InputManager.h">
      <Filter>Header Files\mb</Filter>
    </ClInclude>
    <ClInclude Include="..\..\..\src\mb\IProviderListener.h">
      <Filter>Header Files\mb</Filter>
    </ClInclude>
    <ClInclude Include="..\..\..\src\formatter\AdapterNCLPlayer.h">
      <Filter>Header Files\formatter</Filter>
    </ClInclude>
    <ClInclude Include="..\..\..\src\formatter\AdapterNewVideoPlayer.h">
      <Filter>Header Files\formatter</Filter>
    </ClInclude>
    <ClInclude Include="..\..\..\src\formatter\AdapterPlayerManager.h">
      <Filter>Header Files\formatter</Filter>
    </ClInclude>
    <ClInclude Include="..\..\..\src\formatter\AdapterProgramAVPlayer.h">
      <Filter>Header Files\formatter</Filter>
    </ClInclude>
    <ClInclude Include="..\..\..\src\formatter\AdapterSsmlPlayer.h">
      <Filter>Header Files\formatter</Filter>
    </ClInclude>
    <ClInclude Include="..\..\..\src\formatter\AdapterSvgPlayer.h">
      <Filter>Header Files\formatter</Filter>
    </ClInclude>
    <ClInclude Include="..\..\..\src\formatter\AdapterTextPlayer.h">
      <Filter>Header Files\formatter</Filter>
    </ClInclude>
    <ClInclude Include="..\..\..\src\formatter\AnimationController.h">
      <Filter>Header Files\formatter</Filter>
    </ClInclude>
    <ClInclude Include="..\..\..\src\formatter\ContextBase.h">
      <Filter>Header Files\formatter</Filter>
    </ClInclude>
    <ClInclude Include="..\..\..\src\formatter\FormatterActiveDevice.h">
      <Filter>Header Files\formatter</Filter>
    </ClInclude>
    <ClInclude Include="..\..\..\src\formatter\FormatterBaseDevice.h">
      <Filter>Header Files\formatter</Filter>
    </ClInclude>
    <ClInclude Include="..\..\..\src\formatter\FormatterConverter.h">
      <Filter>Header Files\formatter</Filter>
    </ClInclude>
    <ClInclude Include="..\..\..\src\formatter\FormatterFocusManager.h">
      <Filter>Header Files\formatter</Filter>
    </ClInclude>
    <ClInclude Include="..\..\..\src\formatter\FormatterLinkConverter.h">
      <Filter>Header Files\formatter</Filter>
    </ClInclude>
    <ClInclude Include="..\..\..\src\formatter\FormatterMediator.h">
      <Filter>Header Files\formatter</Filter>
    </ClInclude>
    <ClInclude Include="..\..\..\src\formatter\FormatterMultiDevice.h">
      <Filter>Header Files\formatter</Filter>
    </ClInclude>
    <ClInclude Include="..\..\..\src\formatter\FormatterScheduler.h">
      <Filter>Header Files\formatter</Filter>
    </ClInclude>
    <ClInclude Include="..\..\..\src\formatter\IAdapterPlayer.h">
      <Filter>Header Files\formatter</Filter>
    </ClInclude>
    <ClInclude Include="..\..\..\src\formatter\IFormatterSchedulerListener.h">
      <Filter>Header Files\formatter</Filter>
    </ClInclude>
    <ClInclude Include="..\..\..\src\formatter\INclAttributeValueMaintainer.h">
      <Filter>Header Files\formatter</Filter>
    </ClInclude>
    <ClInclude Include="..\..\..\src\formatter\INclEventListener.h">
      <Filter>Header Files\formatter</Filter>
    </ClInclude>
    <ClInclude Include="..\..\..\src\formatter\INclLinkActionListener.h">
      <Filter>Header Files\formatter</Filter>
    </ClInclude>
    <ClInclude Include="..\..\..\src\formatter\NclAnchorEvent.h">
      <Filter>Header Files\formatter</Filter>
    </ClInclude>
    <ClInclude Include="..\..\..\src\formatter\NclApplicationExecutionObject.h">
      <Filter>Header Files\formatter</Filter>
    </ClInclude>
    <ClInclude Include="..\..\..\src\formatter\NclAttributionEvent.h">
      <Filter>Header Files\formatter</Filter>
    </ClInclude>
    <ClInclude Include="..\..\..\src\formatter\NclBeginEventTransition.h">
      <Filter>Header Files\formatter</Filter>
    </ClInclude>
    <ClInclude Include="..\..\..\src\formatter\NclCascadingDescriptor.h">
      <Filter>Header Files\formatter</Filter>
    </ClInclude>
    <ClInclude Include="..\..\..\src\formatter\NclCompositeExecutionObject.h">
      <Filter>Header Files\formatter</Filter>
    </ClInclude>
    <ClInclude Include="..\..\..\src\formatter\NclCostFunctionDuration.h">
      <Filter>Header Files\formatter</Filter>
    </ClInclude>
    <ClInclude Include="..\..\..\src\formatter\NclEndEventTransition.h">
      <Filter>Header Files\formatter</Filter>
    </ClInclude>
    <ClInclude Include="..\..\..\src\formatter\NclEventTransition.h">
      <Filter>Header Files\formatter</Filter>
    </ClInclude>
    <ClInclude Include="..\..\..\src\formatter\NclEventTransitionManager.h">
      <Filter>Header Files\formatter</Filter>
    </ClInclude>
    <ClInclude Include="..\..\..\src\formatter\NclExecutionObject.h">
      <Filter>Header Files\formatter</Filter>
    </ClInclude>
    <ClInclude Include="..\..\..\src\formatter\NclExecutionObjectSwitch.h">
      <Filter>Header Files\formatter</Filter>
    </ClInclude>
    <ClInclude Include="..\..\..\src\formatter\NclFocusSourceManager.h">
      <Filter>Header Files\formatter</Filter>
    </ClInclude>
    <ClInclude Include="..\..\..\src\formatter\NclFormatterCausalLink.h">
      <Filter>Header Files\formatter</Filter>
    </ClInclude>
    <ClInclude Include="..\..\..\src\formatter\NclFormatterDeviceRegion.h">
      <Filter>Header Files\formatter</Filter>
    </ClInclude>
    <ClInclude Include="..\..\..\src\formatter\NclFormatterEvent.h">
      <Filter>Header Files\formatter</Filter>
    </ClInclude>
    <ClInclude Include="..\..\..\src\formatter\NclFormatterLayout.h">
      <Filter>Header Files\formatter</Filter>
    </ClInclude>
    <ClInclude Include="..\..\..\src\formatter\NclFormatterLink.h">
      <Filter>Header Files\formatter</Filter>
    </ClInclude>
    <ClInclude Include="..\..\..\src\formatter\NclFormatterRegion.h">
      <Filter>Header Files\formatter</Filter>
    </ClInclude>
    <ClInclude Include="..\..\..\src\formatter\NclLinkAction.h">
      <Filter>Header Files\formatter</Filter>
    </ClInclude>
    <ClInclude Include="..\..\..\src\formatter\NclLinkActionProgressionListener.h">
      <Filter>Header Files\formatter</Filter>
    </ClInclude>
    <ClInclude Include="..\..\..\src\formatter\NclLinkAndCompoundTriggerCondition.h">
      <Filter>Header Files\formatter</Filter>
    </ClInclude>
    <ClInclude Include="..\..\..\src\formatter\NclLinkAssessment.h">
      <Filter>Header Files\formatter</Filter>
    </ClInclude>
    <ClInclude Include="..\..\..\src\formatter\NclLinkAssessmentStatement.h">
      <Filter>Header Files\formatter</Filter>
    </ClInclude>
    <ClInclude Include="..\..\..\src\formatter\NclLinkAssignmentAction.h">
      <Filter>Header Files\formatter</Filter>
    </ClInclude>
    <ClInclude Include="..\..\..\src\formatter\NclLinkAttributeAssessment.h">
      <Filter>Header Files\formatter</Filter>
    </ClInclude>
    <ClInclude Include="..\..\..\src\formatter\NclLinkCompoundAction.h">
      <Filter>Header Files\formatter</Filter>
    </ClInclude>
    <ClInclude Include="..\..\..\src\formatter\NclLinkCompoundStatement.h">
      <Filter>Header Files\formatter</Filter>
    </ClInclude>
    <ClInclude Include="..\..\..\src\formatter\NclLinkCompoundTriggerCondition.h">
      <Filter>Header Files\formatter</Filter>
    </ClInclude>
    <ClInclude Include="..\..\..\src\formatter\NclLinkCondition.h">
      <Filter>Header Files\formatter</Filter>
    </ClInclude>
    <ClInclude Include="..\..\..\src\formatter\NclLinkListener.h">
      <Filter>Header Files\formatter</Filter>
    </ClInclude>
    <ClInclude Include="..\..\..\src\formatter\NclLinkRepeatAction.h">
      <Filter>Header Files\formatter</Filter>
    </ClInclude>
    <ClInclude Include="..\..\..\src\formatter\NclLinkSimpleAction.h">
      <Filter>Header Files\formatter</Filter>
    </ClInclude>
    <ClInclude Include="..\..\..\src\formatter\NclLinkStatement.h">
      <Filter>Header Files\formatter</Filter>
    </ClInclude>
    <ClInclude Include="..\..\..\src\formatter\NclLinkTransitionTriggerCondition.h">
      <Filter>Header Files\formatter</Filter>
    </ClInclude>
    <ClInclude Include="..\..\..\src\formatter\NclLinkTriggerCondition.h">
      <Filter>Header Files\formatter</Filter>
    </ClInclude>
    <ClInclude Include="..\..\..\src\formatter\NclLinkTriggerListener.h">
      <Filter>Header Files\formatter</Filter>
    </ClInclude>
    <ClInclude Include="..\..\..\src\formatter\NclLinkValueAssessment.h">
      <Filter>Header Files\formatter</Filter>
    </ClInclude>
    <ClInclude Include="..\..\..\src\formatter\NclNodeNesting.h">
      <Filter>Header Files\formatter</Filter>
    </ClInclude>
    <ClInclude Include="..\..\..\src\formatter\NclPresentationEvent.h">
      <Filter>Header Files\formatter</Filter>
    </ClInclude>
    <ClInclude Include="..\..\..\src\formatter\NclSelectionEvent.h">
      <Filter>Header Files\formatter</Filter>
    </ClInclude>
    <ClInclude Include="..\..\..\src\formatter\NclSwitchEvent.h">
      <Filter>Header Files\formatter</Filter>
    </ClInclude>
    <ClInclude Include="..\..\..\src\formatter\NominalEventMonitor.h">
      <Filter>Header Files\formatter</Filter>
    </ClInclude>
    <ClInclude Include="..\..\..\src\formatter\PrefetchManager.h">
      <Filter>Header Files\formatter</Filter>
    </ClInclude>
    <ClInclude Include="..\..\..\src\formatter\PresentationContext.h">
      <Filter>Header Files\formatter</Filter>
    </ClInclude>
    <ClInclude Include="..\..\..\src\formatter\PrivateBaseContext.h">
      <Filter>Header Files\formatter</Filter>
    </ClInclude>
    <ClInclude Include="..\..\..\src\formatter\PrivateBaseManager.h">
      <Filter>Header Files\formatter</Filter>
    </ClInclude>
    <ClInclude Include="..\..\..\src\formatter\RuleAdapter.h">
      <Filter>Header Files\formatter</Filter>
    </ClInclude>
    <ClInclude Include="..\..\..\src\formatter\AdapterApplicationPlayer.h">
      <Filter>Header Files\formatter</Filter>
    </ClInclude>
    <ClInclude Include="..\..\..\src\formatter\AdapterAVPlayer.h">
      <Filter>Header Files\formatter</Filter>
    </ClInclude>
    <ClInclude Include="..\..\..\src\formatter\AdapterBerkeliumPlayer.h">
      <Filter>Header Files\formatter</Filter>
    </ClInclude>
    <ClInclude Include="..\..\..\src\formatter\AdapterChannelPlayer.h">
      <Filter>Header Files\formatter</Filter>
    </ClInclude>
    <ClInclude Include="..\..\..\src\formatter\AdapterFormatterPlayer.h">
      <Filter>Header Files\formatter</Filter>
    </ClInclude>
    <ClInclude Include="..\..\..\src\formatter\AdapterImagePlayer.h">
      <Filter>Header Files\formatter</Filter>
    </ClInclude>
    <ClInclude Include="..\..\..\src\formatter\AdapterLuaPlayer.h">
      <Filter>Header Files\formatter</Filter>
    </ClInclude>
    <ClInclude Include="..\..\..\src\formatter\AdapterMirrorPlayer.h">
      <Filter>Header Files\formatter</Filter>
    </ClInclude>
    <ClInclude Include="..\..\..\src\player\ProgramAV.h">
      <Filter>Header Files\player</Filter>
    </ClInclude>
    <ClInclude Include="..\..\..\src\player\ShowButton.h">
      <Filter>Header Files\player</Filter>
    </ClInclude>
    <ClInclude Include="..\..\..\src\player\SsmlPlayer.h">
      <Filter>Header Files\player</Filter>
    </ClInclude>
    <ClInclude Include="..\..\..\src\player\SvgPlayer.h">
      <Filter>Header Files\player</Filter>
    </ClInclude>
    <ClInclude Include="..\..\..\src\player\TextPlayer.h">
      <Filter>Header Files\player</Filter>
    </ClInclude>
    <ClInclude Include="..\..\..\src\player\AVPlayer.h">
      <Filter>Header Files\player</Filter>
    </ClInclude>
    <ClInclude Include="..\..\..\src\player\BerkeliumHandler.h">
      <Filter>Header Files\player</Filter>
    </ClInclude>
    <ClInclude Include="..\..\..\src\player\BerkeliumPlayer.h">
      <Filter>Header Files\player</Filter>
    </ClInclude>
    <ClInclude Include="..\..\..\src\player\ChannelPlayer.h">
      <Filter>Header Files\player</Filter>
    </ClInclude>
    <ClInclude Include="..\..\..\src\player\IApplicationPlayer.h">
      <Filter>Header Files\player</Filter>
    </ClInclude>
    <ClInclude Include="..\..\..\src\player\ImagePlayer.h">
      <Filter>Header Files\player</Filter>
    </ClInclude>
    <ClInclude Include="..\..\..\src\player\INCLPlayer.h">
      <Filter>Header Files\player</Filter>
    </ClInclude>
    <ClInclude Include="..\..\..\src\player\IPlayer.h">
      <Filter>Header Files\player</Filter>
    </ClInclude>
    <ClInclude Include="..\..\..\src\player\IPlayerListener.h">
      <Filter>Header Files\player</Filter>
    </ClInclude>
    <ClInclude Include="..\..\..\src\player\IProgramAV.h">
      <Filter>Header Files\player</Filter>
    </ClInclude>
    <ClInclude Include="..\..\..\src\player\LuaPlayer.h">
      <Filter>Header Files\player</Filter>
    </ClInclude>
    <ClInclude Include="..\..\..\src\player\NewVideoPlayer.h">
      <Filter>Header Files\player</Filter>
    </ClInclude>
    <ClInclude Include="..\..\..\src\player\Player.h">
      <Filter>Header Files\player</Filter>
    </ClInclude>
    <ClInclude Include="..\..\..\src\util\Observer.h">
      <Filter>Header Files\util</Filter>
    </ClInclude>
    <ClInclude Include="..\..\..\src\util\Base64.h">
      <Filter>Header Files\util</Filter>
    </ClInclude>
    <ClInclude Include="..\..\..\src\util\functions.h">
      <Filter>Header Files\util</Filter>
    </ClInclude>
    <ClInclude Include="..\..\..\src\util\Observable.h">
      <Filter>Header Files\util</Filter>
    </ClInclude>
  </ItemGroup>
</Project>
